
Microsoft Visual Studio Solution File, Format Version 12.00
# Visual Studio Version 16
VisualStudioVersion = 16.0.34601.136
MinimumVisualStudioVersion = 10.0.40219.1
Project("{8BC9CEB8-8B4A-11D0-8D11-00A0C91BC942}") = "NCore", "NCore.vcxproj", "{9BFAA14F-2472-4C61-A5E1-F6B555867E05}"
EndProject
Project("{8BC9CEB8-8B4A-11D0-8D11-00A0C91BC942}") = "NCvToolCore", "NCvToolCore\NCvToolCore.vcxproj", "{E109E2B7-B16F-4235-88E7-68BC5DE365AC}"
EndProject
Project("{8BC9CEB8-8B4A-11D0-8D11-00A0C91BC942}") = "TestCvTool", "TestCvTool\TestCvTool.vcxproj", "{2D6853DF-9470-4D12-B4D3-C82E0C9EBDF3}"
EndProject
Project("{8BC9CEB8-8B4A-11D0-8D11-00A0C91BC942}") = "NTaskProcessor", "NTaskProcessor\NTaskProcessor.vcxproj", "{489AE146-9A12-4C46-9D35-416F8B283079}"
EndProject
Project("{FAE04EC0-301F-11D3-BF4B-00C04F79EFBC}") = "wfTestTaskProcessor", "wfTestTaskProcessor\wfTestTaskProcessor.csproj", "{21A4F805-E45A-4939-BA21-C82FCF217608}"
EndProject
Project("{FAE04EC0-301F-11D3-BF4B-00C04F79EFBC}") = "NViewer", "NViewer\NViewer.csproj", "{F559652E-7AD1-46A9-BBDB-CDD1DD49ADBC}"
EndProject
Project("{8BC9CEB8-8B4A-11D0-8D11-00A0C91BC942}") = "NToolCore", "NToolCore\NToolCore.vcxproj", "{6D17464E-4F83-4B1D-9D64-9D3D7A9F5CE0}"
EndProject
Project("{8BC9CEB8-8B4A-11D0-8D11-00A0C91BC942}") = "TestShareBuffer", "TestShareBuffer\TestShareBuffer.vcxproj", "{36D470BE-FC27-473C-84FF-E8315EEEAE8D}"
EndProject
Project("{2150E333-8FDC-42A3-9474-1A3956D46DE8}") = "NCoreWpf", "NCoreWpf", "{A9F176C0-5B8C-4251-AEC6-7DB6BC753288}"
EndProject
Project("{FAE04EC0-301F-11D3-BF4B-00C04F79EFBC}") = "NCore.Wpf.RefractiveZoom", "NCoreWpf\NCore.Wpf.RefractiveZoom\NCore.Wpf.RefractiveZoom.csproj", "{24CD95D4-7D95-460A-B81A-A06FC9D58DF8}"
EndProject
Project("{FAE04EC0-301F-11D3-BF4B-00C04F79EFBC}") = "Npc.Foundation", "NCoreWpf\Npc.Foundation\Npc.Foundation.csproj", "{0A0ACAB9-6C9E-4EBC-BCC2-D53ABA6B7DCE}"
EndProject
Project("{FAE04EC0-301F-11D3-BF4B-00C04F79EFBC}") = "NpcCore.Toolkit", "NCoreWpf\NpcCore.Toolkit\NpcCore.Toolkit.csproj", "{35A8E986-852D-4F7E-9F9B-A95D92DD9AE0}"
EndProject
Project("{FAE04EC0-301F-11D3-BF4B-00C04F79EFBC}") = "NpcCore.Wpf", "NCoreWpf\NpcCore.Wpf\NpcCore.Wpf.csproj", "{C67B2E81-370B-4EF6-8BFE-DEDCB25D658C}"
EndProject
Project("{FAE04EC0-301F-11D3-BF4B-00C04F79EFBC}") = "NCore.Wpf.UcZoomBoxViewer", "NCoreWpf\NCore.Wpf.UcZoomBoxViewer\NCore.Wpf.UcZoomBoxViewer.csproj", "{7A75D20E-F0CF-43B0-9382-88C881D9C37A}"
EndProject
Project("{FAE04EC0-301F-11D3-BF4B-00C04F79EFBC}") = "wpfTest", "wpfTest\wpfTest.csproj", "{5B4DD384-E9C5-4F8D-9ACA-051B3E005518}"
EndProject
Global
	GlobalSection(SolutionConfigurationPlatforms) = preSolution
		Debug|Any CPU = Debug|Any CPU
		Debug|x64 = Debug|x64
		Debug|x86 = Debug|x86
		Release|Any CPU = Release|Any CPU
		Release|x64 = Release|x64
		Release|x86 = Release|x86
	EndGlobalSection
	GlobalSection(ProjectConfigurationPlatforms) = postSolution
		{9BFAA14F-2472-4C61-A5E1-F6B555867E05}.Debug|Any CPU.ActiveCfg = Debug|x64
		{9BFAA14F-2472-4C61-A5E1-F6B555867E05}.Debug|Any CPU.Build.0 = Debug|x64
		{9BFAA14F-2472-4C61-A5E1-F6B555867E05}.Debug|x64.ActiveCfg = Debug|x64
		{9BFAA14F-2472-4C61-A5E1-F6B555867E05}.Debug|x64.Build.0 = Debug|x64
		{9BFAA14F-2472-4C61-A5E1-F6B555867E05}.Debug|x86.ActiveCfg = Debug|Win32
		{9BFAA14F-2472-4C61-A5E1-F6B555867E05}.Debug|x86.Build.0 = Debug|Win32
		{9BFAA14F-2472-4C61-A5E1-F6B555867E05}.Release|Any CPU.ActiveCfg = Release|x64
		{9BFAA14F-2472-4C61-A5E1-F6B555867E05}.Release|Any CPU.Build.0 = Release|x64
		{9BFAA14F-2472-4C61-A5E1-F6B555867E05}.Release|x64.ActiveCfg = Release|x64
		{9BFAA14F-2472-4C61-A5E1-F6B555867E05}.Release|x64.Build.0 = Release|x64
		{9BFAA14F-2472-4C61-A5E1-F6B555867E05}.Release|x86.ActiveCfg = Release|Win32
		{9BFAA14F-2472-4C61-A5E1-F6B555867E05}.Release|x86.Build.0 = Release|Win32
		{E109E2B7-B16F-4235-88E7-68BC5DE365AC}.Debug|Any CPU.ActiveCfg = Debug|x64
		{E109E2B7-B16F-4235-88E7-68BC5DE365AC}.Debug|Any CPU.Build.0 = Debug|x64
		{E109E2B7-B16F-4235-88E7-68BC5DE365AC}.Debug|x64.ActiveCfg = Debug|x64
		{E109E2B7-B16F-4235-88E7-68BC5DE365AC}.Debug|x64.Build.0 = Debug|x64
		{E109E2B7-B16F-4235-88E7-68BC5DE365AC}.Debug|x86.ActiveCfg = Debug|Win32
		{E109E2B7-B16F-4235-88E7-68BC5DE365AC}.Debug|x86.Build.0 = Debug|Win32
		{E109E2B7-B16F-4235-88E7-68BC5DE365AC}.Release|Any CPU.ActiveCfg = Release|x64
		{E109E2B7-B16F-4235-88E7-68BC5DE365AC}.Release|Any CPU.Build.0 = Release|x64
		{E109E2B7-B16F-4235-88E7-68BC5DE365AC}.Release|x64.ActiveCfg = Release|x64
		{E109E2B7-B16F-4235-88E7-68BC5DE365AC}.Release|x64.Build.0 = Release|x64
		{E109E2B7-B16F-4235-88E7-68BC5DE365AC}.Release|x86.ActiveCfg = Release|Win32
		{E109E2B7-B16F-4235-88E7-68BC5DE365AC}.Release|x86.Build.0 = Release|Win32
		{2D6853DF-9470-4D12-B4D3-C82E0C9EBDF3}.Debug|Any CPU.ActiveCfg = Debug|x64
		{2D6853DF-9470-4D12-B4D3-C82E0C9EBDF3}.Debug|Any CPU.Build.0 = Debug|x64
		{2D6853DF-9470-4D12-B4D3-C82E0C9EBDF3}.Debug|x64.ActiveCfg = Debug|x64
		{2D6853DF-9470-4D12-B4D3-C82E0C9EBDF3}.Debug|x64.Build.0 = Debug|x64
		{2D6853DF-9470-4D12-B4D3-C82E0C9EBDF3}.Debug|x86.ActiveCfg = Debug|Win32
		{2D6853DF-9470-4D12-B4D3-C82E0C9EBDF3}.Debug|x86.Build.0 = Debug|Win32
		{2D6853DF-9470-4D12-B4D3-C82E0C9EBDF3}.Release|Any CPU.ActiveCfg = Release|x64
		{2D6853DF-9470-4D12-B4D3-C82E0C9EBDF3}.Release|Any CPU.Build.0 = Release|x64
		{2D6853DF-9470-4D12-B4D3-C82E0C9EBDF3}.Release|x64.ActiveCfg = Release|x64
		{2D6853DF-9470-4D12-B4D3-C82E0C9EBDF3}.Release|x64.Build.0 = Release|x64
		{2D6853DF-9470-4D12-B4D3-C82E0C9EBDF3}.Release|x86.ActiveCfg = Release|Win32
		{2D6853DF-9470-4D12-B4D3-C82E0C9EBDF3}.Release|x86.Build.0 = Release|Win32
		{489AE146-9A12-4C46-9D35-416F8B283079}.Debug|Any CPU.ActiveCfg = Debug|x64
		{489AE146-9A12-4C46-9D35-416F8B283079}.Debug|Any CPU.Build.0 = Debug|x64
		{489AE146-9A12-4C46-9D35-416F8B283079}.Debug|x64.ActiveCfg = Debug|x64
		{489AE146-9A12-4C46-9D35-416F8B283079}.Debug|x64.Build.0 = Debug|x64
		{489AE146-9A12-4C46-9D35-416F8B283079}.Debug|x86.ActiveCfg = Debug|Win32
		{489AE146-9A12-4C46-9D35-416F8B283079}.Debug|x86.Build.0 = Debug|Win32
		{489AE146-9A12-4C46-9D35-416F8B283079}.Release|Any CPU.ActiveCfg = Release|x64
		{489AE146-9A12-4C46-9D35-416F8B283079}.Release|Any CPU.Build.0 = Release|x64
		{489AE146-9A12-4C46-9D35-416F8B283079}.Release|x64.ActiveCfg = Release|x64
		{489AE146-9A12-4C46-9D35-416F8B283079}.Release|x64.Build.0 = Release|x64
		{489AE146-9A12-4C46-9D35-416F8B283079}.Release|x86.ActiveCfg = Release|Win32
		{489AE146-9A12-4C46-9D35-416F8B283079}.Release|x86.Build.0 = Release|Win32
		{21A4F805-E45A-4939-BA21-C82FCF217608}.Debug|Any CPU.ActiveCfg = Debug|Any CPU
		{21A4F805-E45A-4939-BA21-C82FCF217608}.Debug|Any CPU.Build.0 = Debug|Any CPU
		{21A4F805-E45A-4939-BA21-C82FCF217608}.Debug|x64.ActiveCfg = Debug|Any CPU
		{21A4F805-E45A-4939-BA21-C82FCF217608}.Debug|x64.Build.0 = Debug|Any CPU
		{21A4F805-E45A-4939-BA21-C82FCF217608}.Debug|x86.ActiveCfg = Debug|Any CPU
		{21A4F805-E45A-4939-BA21-C82FCF217608}.Debug|x86.Build.0 = Debug|Any CPU
		{21A4F805-E45A-4939-BA21-C82FCF217608}.Release|Any CPU.ActiveCfg = Release|Any CPU
		{21A4F805-E45A-4939-BA21-C82FCF217608}.Release|Any CPU.Build.0 = Release|Any CPU
		{21A4F805-E45A-4939-BA21-C82FCF217608}.Release|x64.ActiveCfg = Release|x64
		{21A4F805-E45A-4939-BA21-C82FCF217608}.Release|x64.Build.0 = Release|x64
		{21A4F805-E45A-4939-BA21-C82FCF217608}.Release|x86.ActiveCfg = Release|Any CPU
		{21A4F805-E45A-4939-BA21-C82FCF217608}.Release|x86.Build.0 = Release|Any CPU
		{F559652E-7AD1-46A9-BBDB-CDD1DD49ADBC}.Debug|Any CPU.ActiveCfg = Debug|Any CPU
		{F559652E-7AD1-46A9-BBDB-CDD1DD49ADBC}.Debug|Any CPU.Build.0 = Debug|Any CPU
		{F559652E-7AD1-46A9-BBDB-CDD1DD49ADBC}.Debug|x64.ActiveCfg = Debug|Any CPU
		{F559652E-7AD1-46A9-BBDB-CDD1DD49ADBC}.Debug|x64.Build.0 = Debug|Any CPU
		{F559652E-7AD1-46A9-BBDB-CDD1DD49ADBC}.Debug|x86.ActiveCfg = Debug|Any CPU
		{F559652E-7AD1-46A9-BBDB-CDD1DD49ADBC}.Debug|x86.Build.0 = Debug|Any CPU
		{F559652E-7AD1-46A9-BBDB-CDD1DD49ADBC}.Release|Any CPU.ActiveCfg = Release|Any CPU
		{F559652E-7AD1-46A9-BBDB-CDD1DD49ADBC}.Release|Any CPU.Build.0 = Release|Any CPU
		{F559652E-7AD1-46A9-BBDB-CDD1DD49ADBC}.Release|x64.ActiveCfg = Release|x64
		{F559652E-7AD1-46A9-BBDB-CDD1DD49ADBC}.Release|x64.Build.0 = Release|x64
		{F559652E-7AD1-46A9-BBDB-CDD1DD49ADBC}.Release|x86.ActiveCfg = Release|Any CPU
		{F559652E-7AD1-46A9-BBDB-CDD1DD49ADBC}.Release|x86.Build.0 = Release|Any CPU
		{6D17464E-4F83-4B1D-9D64-9D3D7A9F5CE0}.Debug|Any CPU.ActiveCfg = Debug|x64
		{6D17464E-4F83-4B1D-9D64-9D3D7A9F5CE0}.Debug|Any CPU.Build.0 = Debug|x64
		{6D17464E-4F83-4B1D-9D64-9D3D7A9F5CE0}.Debug|x64.ActiveCfg = Debug|x64
		{6D17464E-4F83-4B1D-9D64-9D3D7A9F5CE0}.Debug|x64.Build.0 = Debug|x64
		{6D17464E-4F83-4B1D-9D64-9D3D7A9F5CE0}.Debug|x86.ActiveCfg = Debug|Win32
		{6D17464E-4F83-4B1D-9D64-9D3D7A9F5CE0}.Debug|x86.Build.0 = Debug|Win32
		{6D17464E-4F83-4B1D-9D64-9D3D7A9F5CE0}.Release|Any CPU.ActiveCfg = Release|x64
		{6D17464E-4F83-4B1D-9D64-9D3D7A9F5CE0}.Release|Any CPU.Build.0 = Release|x64
		{6D17464E-4F83-4B1D-9D64-9D3D7A9F5CE0}.Release|x64.ActiveCfg = Release|x64
		{6D17464E-4F83-4B1D-9D64-9D3D7A9F5CE0}.Release|x64.Build.0 = Release|x64
		{6D17464E-4F83-4B1D-9D64-9D3D7A9F5CE0}.Release|x86.ActiveCfg = Release|Win32
		{6D17464E-4F83-4B1D-9D64-9D3D7A9F5CE0}.Release|x86.Build.0 = Release|Win32
		{36D470BE-FC27-473C-84FF-E8315EEEAE8D}.Debug|Any CPU.ActiveCfg = Debug|x64
		{36D470BE-FC27-473C-84FF-E8315EEEAE8D}.Debug|Any CPU.Build.0 = Debug|x64
		{36D470BE-FC27-473C-84FF-E8315EEEAE8D}.Debug|x64.ActiveCfg = Debug|x64
		{36D470BE-FC27-473C-84FF-E8315EEEAE8D}.Debug|x64.Build.0 = Debug|x64
		{36D470BE-FC27-473C-84FF-E8315EEEAE8D}.Debug|x86.ActiveCfg = Debug|Win32
		{36D470BE-FC27-473C-84FF-E8315EEEAE8D}.Debug|x86.Build.0 = Debug|Win32
		{36D470BE-FC27-473C-84FF-E8315EEEAE8D}.Release|Any CPU.ActiveCfg = Release|x64
		{36D470BE-FC27-473C-84FF-E8315EEEAE8D}.Release|Any CPU.Build.0 = Release|x64
		{36D470BE-FC27-473C-84FF-E8315EEEAE8D}.Release|x64.ActiveCfg = Release|x64
		{36D470BE-FC27-473C-84FF-E8315EEEAE8D}.Release|x64.Build.0 = Release|x64
		{36D470BE-FC27-473C-84FF-E8315EEEAE8D}.Release|x86.ActiveCfg = Release|Win32
		{36D470BE-FC27-473C-84FF-E8315EEEAE8D}.Release|x86.Build.0 = Release|Win32
		{24CD95D4-7D95-460A-B81A-A06FC9D58DF8}.Debug|Any CPU.ActiveCfg = Debug|Any CPU
		{24CD95D4-7D95-460A-B81A-A06FC9D58DF8}.Debug|Any CPU.Build.0 = Debug|Any CPU
		{24CD95D4-7D95-460A-B81A-A06FC9D58DF8}.Debug|x64.ActiveCfg = Debug|x64
		{24CD95D4-7D95-460A-B81A-A06FC9D58DF8}.Debug|x64.Build.0 = Debug|x64
		{24CD95D4-7D95-460A-B81A-A06FC9D58DF8}.Debug|x86.ActiveCfg = Debug|Any CPU
		{24CD95D4-7D95-460A-B81A-A06FC9D58DF8}.Debug|x86.Build.0 = Debug|Any CPU
		{24CD95D4-7D95-460A-B81A-A06FC9D58DF8}.Release|Any CPU.ActiveCfg = Release|Any CPU
		{24CD95D4-7D95-460A-B81A-A06FC9D58DF8}.Release|Any CPU.Build.0 = Release|Any CPU
		{24CD95D4-7D95-460A-B81A-A06FC9D58DF8}.Release|x64.ActiveCfg = Release|x64
		{24CD95D4-7D95-460A-B81A-A06FC9D58DF8}.Release|x64.Build.0 = Release|x64
		{24CD95D4-7D95-460A-B81A-A06FC9D58DF8}.Release|x86.ActiveCfg = Release|Any CPU
		{24CD95D4-7D95-460A-B81A-A06FC9D58DF8}.Release|x86.Build.0 = Release|Any CPU
		{0A0ACAB9-6C9E-4EBC-BCC2-D53ABA6B7DCE}.Debug|Any CPU.ActiveCfg = Debug|Any CPU
		{0A0ACAB9-6C9E-4EBC-BCC2-D53ABA6B7DCE}.Debug|Any CPU.Build.0 = Debug|Any CPU
		{0A0ACAB9-6C9E-4EBC-BCC2-D53ABA6B7DCE}.Debug|x64.ActiveCfg = Debug|x64
		{0A0ACAB9-6C9E-4EBC-BCC2-D53ABA6B7DCE}.Debug|x64.Build.0 = Debug|x64
		{0A0ACAB9-6C9E-4EBC-BCC2-D53ABA6B7DCE}.Debug|x86.ActiveCfg = Debug|Any CPU
		{0A0ACAB9-6C9E-4EBC-BCC2-D53ABA6B7DCE}.Debug|x86.Build.0 = Debug|Any CPU
		{0A0ACAB9-6C9E-4EBC-BCC2-D53ABA6B7DCE}.Release|Any CPU.ActiveCfg = Release|Any CPU
		{0A0ACAB9-6C9E-4EBC-BCC2-D53ABA6B7DCE}.Release|Any CPU.Build.0 = Release|Any CPU
		{0A0ACAB9-6C9E-4EBC-BCC2-D53ABA6B7DCE}.Release|x64.ActiveCfg = Release|x64
		{0A0ACAB9-6C9E-4EBC-BCC2-D53ABA6B7DCE}.Release|x64.Build.0 = Release|x64
		{0A0ACAB9-6C9E-4EBC-BCC2-D53ABA6B7DCE}.Release|x86.ActiveCfg = Release|Any CPU
		{0A0ACAB9-6C9E-4EBC-BCC2-D53ABA6B7DCE}.Release|x86.Build.0 = Release|Any CPU
		{35A8E986-852D-4F7E-9F9B-A95D92DD9AE0}.Debug|Any CPU.ActiveCfg = Debug|Any CPU
		{35A8E986-852D-4F7E-9F9B-A95D92DD9AE0}.Debug|Any CPU.Build.0 = Debug|Any CPU
		{35A8E986-852D-4F7E-9F9B-A95D92DD9AE0}.Debug|x64.ActiveCfg = Debug|x64
		{35A8E986-852D-4F7E-9F9B-A95D92DD9AE0}.Debug|x64.Build.0 = Debug|x64
		{35A8E986-852D-4F7E-9F9B-A95D92DD9AE0}.Debug|x86.ActiveCfg = Debug|Any CPU
		{35A8E986-852D-4F7E-9F9B-A95D92DD9AE0}.Debug|x86.Build.0 = Debug|Any CPU
		{35A8E986-852D-4F7E-9F9B-A95D92DD9AE0}.Release|Any CPU.ActiveCfg = Release|Any CPU
		{35A8E986-852D-4F7E-9F9B-A95D92DD9AE0}.Release|Any CPU.Build.0 = Release|Any CPU
		{35A8E986-852D-4F7E-9F9B-A95D92DD9AE0}.Release|x64.ActiveCfg = Release|x64
		{35A8E986-852D-4F7E-9F9B-A95D92DD9AE0}.Release|x64.Build.0 = Release|x64
		{35A8E986-852D-4F7E-9F9B-A95D92DD9AE0}.Release|x86.ActiveCfg = Release|Any CPU
		{35A8E986-852D-4F7E-9F9B-A95D92DD9AE0}.Release|x86.Build.0 = Release|Any CPU
		{C67B2E81-370B-4EF6-8BFE-DEDCB25D658C}.Debug|Any CPU.ActiveCfg = Debug|Any CPU
		{C67B2E81-370B-4EF6-8BFE-DEDCB25D658C}.Debug|Any CPU.Build.0 = Debug|Any CPU
		{C67B2E81-370B-4EF6-8BFE-DEDCB25D658C}.Debug|x64.ActiveCfg = Debug|x64
		{C67B2E81-370B-4EF6-8BFE-DEDCB25D658C}.Debug|x64.Build.0 = Debug|x64
		{C67B2E81-370B-4EF6-8BFE-DEDCB25D658C}.Debug|x86.ActiveCfg = Debug|x86
		{C67B2E81-370B-4EF6-8BFE-DEDCB25D658C}.Debug|x86.Build.0 = Debug|x86
		{C67B2E81-370B-4EF6-8BFE-DEDCB25D658C}.Release|Any CPU.ActiveCfg = Release|Any CPU
		{C67B2E81-370B-4EF6-8BFE-DEDCB25D658C}.Release|Any CPU.Build.0 = Release|Any CPU
		{C67B2E81-370B-4EF6-8BFE-DEDCB25D658C}.Release|x64.ActiveCfg = Release|x64
		{C67B2E81-370B-4EF6-8BFE-DEDCB25D658C}.Release|x64.Build.0 = Release|x64
		{C67B2E81-370B-4EF6-8BFE-DEDCB25D658C}.Release|x86.ActiveCfg = Release|x86
		{C67B2E81-370B-4EF6-8BFE-DEDCB25D658C}.Release|x86.Build.0 = Release|x86
		{7A75D20E-F0CF-43B0-9382-88C881D9C37A}.Debug|Any CPU.ActiveCfg = Debug|Any CPU
		{7A75D20E-F0CF-43B0-9382-88C881D9C37A}.Debug|Any CPU.Build.0 = Debug|Any CPU
		{7A75D20E-F0CF-43B0-9382-88C881D9C37A}.Debug|x64.ActiveCfg = Debug|Any CPU
		{7A75D20E-F0CF-43B0-9382-88C881D9C37A}.Debug|x64.Build.0 = Debug|Any CPU
		{7A75D20E-F0CF-43B0-9382-88C881D9C37A}.Debug|x86.ActiveCfg = Debug|Any CPU
		{7A75D20E-F0CF-43B0-9382-88C881D9C37A}.Debug|x86.Build.0 = Debug|Any CPU
		{7A75D20E-F0CF-43B0-9382-88C881D9C37A}.Release|Any CPU.ActiveCfg = Release|Any CPU
		{7A75D20E-F0CF-43B0-9382-88C881D9C37A}.Release|Any CPU.Build.0 = Release|Any CPU
		{7A75D20E-F0CF-43B0-9382-88C881D9C37A}.Release|x64.ActiveCfg = Release|x64
		{7A75D20E-F0CF-43B0-9382-88C881D9C37A}.Release|x64.Build.0 = Release|x64
		{7A75D20E-F0CF-43B0-9382-88C881D9C37A}.Release|x86.ActiveCfg = Release|Any CPU
		{7A75D20E-F0CF-43B0-9382-88C881D9C37A}.Release|x86.Build.0 = Release|Any CPU
		{5B4DD384-E9C5-4F8D-9ACA-051B3E005518}.Debug|Any CPU.ActiveCfg = Debug|Any CPU
		{5B4DD384-E9C5-4F8D-9ACA-051B3E005518}.Debug|Any CPU.Build.0 = Debug|Any CPU
		{5B4DD384-E9C5-4F8D-9ACA-051B3E005518}.Debug|x64.ActiveCfg = Debug|x64
		{5B4DD384-E9C5-4F8D-9ACA-051B3E005518}.Debug|x64.Build.0 = Debug|x64
		{5B4DD384-E9C5-4F8D-9ACA-051B3E005518}.Debug|x86.ActiveCfg = Debug|Any CPU
		{5B4DD384-E9C5-4F8D-9ACA-051B3E005518}.Debug|x86.Build.0 = Debug|Any CPU
		{5B4DD384-E9C5-4F8D-9ACA-051B3E005518}.Release|Any CPU.ActiveCfg = Release|Any CPU
		{5B4DD384-E9C5-4F8D-9ACA-051B3E005518}.Release|Any CPU.Build.0 = Release|Any CPU
		{5B4DD384-E9C5-4F8D-9ACA-051B3E005518}.Release|x64.ActiveCfg = Release|x64
		{5B4DD384-E9C5-4F8D-9ACA-051B3E005518}.Release|x64.Build.0 = Release|x64
		{5B4DD384-E9C5-4F8D-9ACA-051B3E005518}.Release|x86.ActiveCfg = Release|Any CPU
		{5B4DD384-E9C5-4F8D-9ACA-051B3E005518}.Release|x86.Build.0 = Release|Any CPU
	EndGlobalSection
	GlobalSection(SolutionProperties) = preSolution
		HideSolutionNode = FALSE
	EndGlobalSection
	GlobalSection(NestedProjects) = preSolution
		{24CD95D4-7D95-460A-B81A-A06FC9D58DF8} = {A9F176C0-5B8C-4251-AEC6-7DB6BC753288}
		{0A0ACAB9-6C9E-4EBC-BCC2-D53ABA6B7DCE} = {A9F176C0-5B8C-4251-AEC6-7DB6BC753288}
		{35A8E986-852D-4F7E-9F9B-A95D92DD9AE0} = {A9F176C0-5B8C-4251-AEC6-7DB6BC753288}
		{C67B2E81-370B-4EF6-8BFE-DEDCB25D658C} = {A9F176C0-5B8C-4251-AEC6-7DB6BC753288}
		{7A75D20E-F0CF-43B0-9382-88C881D9C37A} = {A9F176C0-5B8C-4251-AEC6-7DB6BC753288}
	EndGlobalSection
	GlobalSection(ExtensibilityGlobals) = postSolution
		SolutionGuid = {2EBC4655-F715-4CB1-BFB4-893675AA0BFB}
	EndGlobalSection
EndGlobal
