
Microsoft Visual Studio Solution File, Format Version 12.00
# Visual Studio Version 17
VisualStudioVersion = 17.9.34607.119
MinimumVisualStudioVersion = 10.0.40219.1
Project("{8BC9CEB8-8B4A-11D0-8D11-00A0C91BC942}") = "NCore", "NCore.vcxproj", "{9BFAA14F-2472-4C61-A5E1-F6B555867E05}"
EndProject
Project("{8BC9CEB8-8B4A-11D0-8D11-00A0C91BC942}") = "NCvToolCore", "NCvToolCore\NCvToolCore.vcxproj", "{E109E2B7-B16F-4235-88E7-68BC5DE365AC}"
EndProject
Project("{8BC9CEB8-8B4A-11D0-8D11-00A0C91BC942}") = "TestCvTool", "TestCvTool\TestCvTool.vcxproj", "{2D6853DF-9470-4D12-B4D3-C82E0C9EBDF3}"
EndProject
Project("{8BC9CEB8-8B4A-11D0-8D11-00A0C91BC942}") = "NTaskProcessor", "NTaskProcessor\NTaskProcessor.vcxproj", "{489AE146-9A12-4C46-9D35-416F8B283079}"
EndProject
Project("{FAE04EC0-301F-11D3-BF4B-00C04F79EFBC}") = "wfTestTaskProcessor", "wfTestTaskProcessor\wfTestTaskProcessor.csproj", "{21A4F805-E45A-4939-BA21-C82FCF217608}"
EndProject
Project("{FAE04EC0-301F-11D3-BF4B-00C04F79EFBC}") = "NViewer", "NViewer\NViewer.csproj", "{F559652E-7AD1-46A9-BBDB-CDD1DD49ADBC}"
EndProject
Project("{8BC9CEB8-8B4A-11D0-8D11-00A0C91BC942}") = "NToolCore", "NToolCore\NToolCore.vcxproj", "{6D17464E-4F83-4B1D-9D64-9D3D7A9F5CE0}"
EndProject
Project("{8BC9CEB8-8B4A-11D0-8D11-00A0C91BC942}") = "TestShareBuffer", "TestShareBuffer\TestShareBuffer.vcxproj", "{36D470BE-FC27-473C-84FF-E8315EEEAE8D}"
EndProject
Project("{2150E333-8FDC-42A3-9474-1A3956D46DE8}") = "NCoreWpf", "NCoreWpf", "{A9F176C0-5B8C-4251-AEC6-7DB6BC753288}"
EndProject
Project("{FAE04EC0-301F-11D3-BF4B-00C04F79EFBC}") = "NCore.Wpf.RefractiveZoom", "NCoreWpf\NCore.Wpf.RefractiveZoom\NCore.Wpf.RefractiveZoom.csproj", "{24CD95D4-7D95-460A-B81A-A06FC9D58DF8}"
EndProject
Project("{FAE04EC0-301F-11D3-BF4B-00C04F79EFBC}") = "Npc.Foundation", "NCoreWpf\Npc.Foundation\Npc.Foundation.csproj", "{0A0ACAB9-6C9E-4EBC-BCC2-D53ABA6B7DCE}"
EndProject
Project("{FAE04EC0-301F-11D3-BF4B-00C04F79EFBC}") = "NpcCore.Toolkit", "NCoreWpf\NpcCore.Toolkit\NpcCore.Toolkit.csproj", "{35A8E986-852D-4F7E-9F9B-A95D92DD9AE0}"
EndProject
Project("{FAE04EC0-301F-11D3-BF4B-00C04F79EFBC}") = "NpcCore.Wpf", "NCoreWpf\NpcCore.Wpf\NpcCore.Wpf.csproj", "{C67B2E81-370B-4EF6-8BFE-DEDCB25D658C}"
EndProject
Project("{FAE04EC0-301F-11D3-BF4B-00C04F79EFBC}") = "NCore.Wpf.UcZoomBoxViewer", "NCoreWpf\NCore.Wpf.UcZoomBoxViewer\NCore.Wpf.UcZoomBoxViewer.csproj", "{7A75D20E-F0CF-43B0-9382-88C881D9C37A}"
EndProject
Project("{FAE04EC0-301F-11D3-BF4B-00C04F79EFBC}") = "wpfTest", "wpfTest\wpfTest.csproj", "{5B4DD384-E9C5-4F8D-9ACA-051B3E005518}"
EndProject
Project("{FAE04EC0-301F-11D3-BF4B-00C04F79EFBC}") = "WpfTestImageExt", "WpfTestImageExt\WpfTestImageExt.csproj", "{3F29FA92-1BE1-4896-B74E-DA4326E66E0D}"
EndProject
Project("{FAE04EC0-301F-11D3-BF4B-00C04F79EFBC}") = "NCore.Wpf.NUcBufferViewer", "NCoreWpf\NCore.Wpf.NUcBufferViewer\NCore.Wpf.NUcBufferViewer.csproj", "{9799E7BC-06C3-477F-A607-50730BC03110}"
EndProject
Project("{2150E333-8FDC-42A3-9474-1A3956D46DE8}") = "NProjects", "NProjects", "{121CC458-7196-401B-82D5-0BEA6E2D1A8D}"
EndProject
Project("{2150E333-8FDC-42A3-9474-1A3956D46DE8}") = "DinoWpf", "DinoWpf", "{995D4753-72CD-4502-8545-5AA4A0BA7ADC}"
EndProject
Project("{FAE04EC0-301F-11D3-BF4B-00C04F79EFBC}") = "DinoWpf", "NProjects\DinoWpf\gui\DinoWpf.csproj", "{C3159736-7008-410E-9EF3-F13B9F0D6DB8}"
EndProject
Project("{8BC9CEB8-8B4A-11D0-8D11-00A0C91BC942}") = "NDinoVision", "NProjects\DinoWpf\vision\NDinoVision\NDinoVision.vcxproj", "{260EBB04-27E8-4145-B397-9C685AA36434}"
EndProject
Project("{2150E333-8FDC-42A3-9474-1A3956D46DE8}") = "Streaming8Cam", "Streaming8Cam", "{8247C76C-E171-4419-A119-FAAD95DF3AD9}"
EndProject
Project("{8BC9CEB8-8B4A-11D0-8D11-00A0C91BC942}") = "NStreamingMultiVision", "NProjects\StreamingMultiCam\vision\NStreamingMultiCam\NStreamingMultiCam.vcxproj", "{D9535FBD-C3DE-463A-A4AC-902E4B6C0D5F}"
EndProject
Project("{FAE04EC0-301F-11D3-BF4B-00C04F79EFBC}") = "StreamingMultiCam", "NProjects\StreamingMultiCam\gui\StreamingMultiCam\StreamingMultiCam.csproj", "{65E9E753-FD06-4D20-95AF-76100C27DBBB}"
EndProject
Project("{2150E333-8FDC-42A3-9474-1A3956D46DE8}") = "TemplateVisionWpf", "TemplateVisionWpf", "{56368846-719E-4667-9866-55D1FF09B1AE}"
EndProject
Project("{8BC9CEB8-8B4A-11D0-8D11-00A0C91BC942}") = "NTempInspectProcessor", "NProjects\TemplateVisionWpf\vision\NInspectionCore\NInspectionCore.vcxproj", "{60A91278-1752-42DC-BC47-5BE27F6C77BF}"
EndProject
Project("{FAE04EC0-301F-11D3-BF4B-00C04F79EFBC}") = "TemplateVisionWpf_Gui", "NProjects\TemplateVisionWpf\gui\TemplateVisionWpf_Gui\TemplateVisionWpf_Gui.csproj", "{68BB0C48-CDB4-4340-8DC0-515D863C820E}"
EndProject
Project("{2150E333-8FDC-42A3-9474-1A3956D46DE8}") = "DinoVision", "DinoVision", "{A2593F3B-2F95-4315-B719-8B8786088781}"
EndProject
Project("{FAE04EC0-301F-11D3-BF4B-00C04F79EFBC}") = "DinoVisionGUI", "NProjects\DinoVision\gui\DinoVisionGUI\DinoVisionGUI.csproj", "{EBBD65E0-02C4-4DF1-B360-E5C27C718BD6}"
EndProject
Project("{8BC9CEB8-8B4A-11D0-8D11-00A0C91BC942}") = "JigInspectProcessor", "NProjects\DinoVision\vision\JigInspectProcessor\JigInspectProcessor.vcxproj", "{F7C21DE8-D4D5-44E3-9932-9EEF05AFC6A6}"
EndProject
Project("{8BC9CEB8-8B4A-11D0-8D11-00A0C91BC942}") = "Test_SerialPort", "Test_SerialPort\Test_SerialPort.vcxproj", "{82B4FF80-1268-4EE4-AE06-7E4ECE30CF97}"
EndProject
Project("{2150E333-8FDC-42A3-9474-1A3956D46DE8}") = "SealingInspectMachine", "SealingInspectMachine", "{03C5CF15-A33D-49A1-AA86-3738AEC3A76A}"
EndProject
Project("{8BC9CEB8-8B4A-11D0-8D11-00A0C91BC942}") = "SealingInspectProcessor", "NProjects\SealingInspectMachine\vision\SealingInspectProcessor\SealingInspectProcessor.vcxproj", "{58BBD3D3-6AAA-4233-BF21-01B9176EA11D}"
EndProject
Project("{FAE04EC0-301F-11D3-BF4B-00C04F79EFBC}") = "SealingInspectGUI", "NProjects\SealingInspectMachine\gui\SealingInspectGUI\SealingInspectGUI.csproj", "{7D57231F-8ED7-4D6E-A43A-A98F05BEF546}"
EndProject
Project("{FAE04EC0-301F-11D3-BF4B-00C04F79EFBC}") = "NCore.Wpf.BufferViewerSimple", "NCoreWpf\NCore.Wpf.BufferViewerSimple\NCore.Wpf.BufferViewerSimple.csproj", "{0BBA3140-9E8B-4A1E-833A-A72E3ADD4F72}"
EndProject
Project("{2150E333-8FDC-42A3-9474-1A3956D46DE8}") = "ReadCodeMachine", "ReadCodeMachine", "{4C209CB5-22F5-4122-A926-399D6FD5D4B6}"
EndProject
Project("{8BC9CEB8-8B4A-11D0-8D11-00A0C91BC942}") = "ReadCodeProcessor", "NProjects\ReadCodeMachine\vision\ReadCodeProcessor\ReadCodeProcessor.vcxproj", "{84C5EBBD-3FC7-4E19-AB8D-DF18B0EB5D0E}"
EndProject
Project("{FAE04EC0-301F-11D3-BF4B-00C04F79EFBC}") = "ReadCodeGUI", "NProjects\ReadCodeMachine\gui\ReadCodeGUI\ReadCodeGUI.csproj", "{A5E7E5FA-45A0-4585-BCB5-DD7F947CA559}"
EndProject
Project("{FAE04EC0-301F-11D3-BF4B-00C04F79EFBC}") = "NCore.Wpf.BufferViewerSetting", "NCoreWpf\NCore.Wpf.BufferViewerSetting\NCore.Wpf.BufferViewerSetting.csproj", "{AB676305-CCB3-471A-95BC-A9CED226D82F}"
EndProject
Global
	GlobalSection(SolutionConfigurationPlatforms) = preSolution
		Debug|Any CPU = Debug|Any CPU
		Debug|x64 = Debug|x64
		Debug|x86 = Debug|x86
		Release|Any CPU = Release|Any CPU
		Release|x64 = Release|x64
		Release|x86 = Release|x86
	EndGlobalSection
	GlobalSection(ProjectConfigurationPlatforms) = postSolution
		{9BFAA14F-2472-4C61-A5E1-F6B555867E05}.Debug|Any CPU.ActiveCfg = Debug|x64
		{9BFAA14F-2472-4C61-A5E1-F6B555867E05}.Debug|Any CPU.Build.0 = Debug|x64
		{9BFAA14F-2472-4C61-A5E1-F6B555867E05}.Debug|x64.ActiveCfg = Debug|x64
		{9BFAA14F-2472-4C61-A5E1-F6B555867E05}.Debug|x64.Build.0 = Debug|x64
		{9BFAA14F-2472-4C61-A5E1-F6B555867E05}.Debug|x86.ActiveCfg = Debug|Win32
		{9BFAA14F-2472-4C61-A5E1-F6B555867E05}.Debug|x86.Build.0 = Debug|Win32
		{9BFAA14F-2472-4C61-A5E1-F6B555867E05}.Release|Any CPU.ActiveCfg = Release|x64
		{9BFAA14F-2472-4C61-A5E1-F6B555867E05}.Release|Any CPU.Build.0 = Release|x64
		{9BFAA14F-2472-4C61-A5E1-F6B555867E05}.Release|x64.ActiveCfg = Release|x64
		{9BFAA14F-2472-4C61-A5E1-F6B555867E05}.Release|x64.Build.0 = Release|x64
		{9BFAA14F-2472-4C61-A5E1-F6B555867E05}.Release|x86.ActiveCfg = Release|Win32
		{9BFAA14F-2472-4C61-A5E1-F6B555867E05}.Release|x86.Build.0 = Release|Win32
		{E109E2B7-B16F-4235-88E7-68BC5DE365AC}.Debug|Any CPU.ActiveCfg = Debug|x64
		{E109E2B7-B16F-4235-88E7-68BC5DE365AC}.Debug|Any CPU.Build.0 = Debug|x64
		{E109E2B7-B16F-4235-88E7-68BC5DE365AC}.Debug|x64.ActiveCfg = Debug|x64
		{E109E2B7-B16F-4235-88E7-68BC5DE365AC}.Debug|x64.Build.0 = Debug|x64
		{E109E2B7-B16F-4235-88E7-68BC5DE365AC}.Debug|x86.ActiveCfg = Debug|Win32
		{E109E2B7-B16F-4235-88E7-68BC5DE365AC}.Debug|x86.Build.0 = Debug|Win32
		{E109E2B7-B16F-4235-88E7-68BC5DE365AC}.Release|Any CPU.ActiveCfg = Release|x64
		{E109E2B7-B16F-4235-88E7-68BC5DE365AC}.Release|Any CPU.Build.0 = Release|x64
		{E109E2B7-B16F-4235-88E7-68BC5DE365AC}.Release|x64.ActiveCfg = Release|x64
		{E109E2B7-B16F-4235-88E7-68BC5DE365AC}.Release|x64.Build.0 = Release|x64
		{E109E2B7-B16F-4235-88E7-68BC5DE365AC}.Release|x86.ActiveCfg = Release|Win32
		{E109E2B7-B16F-4235-88E7-68BC5DE365AC}.Release|x86.Build.0 = Release|Win32
		{2D6853DF-9470-4D12-B4D3-C82E0C9EBDF3}.Debug|Any CPU.ActiveCfg = Debug|x64
		{2D6853DF-9470-4D12-B4D3-C82E0C9EBDF3}.Debug|Any CPU.Build.0 = Debug|x64
		{2D6853DF-9470-4D12-B4D3-C82E0C9EBDF3}.Debug|x64.ActiveCfg = Debug|x64
		{2D6853DF-9470-4D12-B4D3-C82E0C9EBDF3}.Debug|x64.Build.0 = Debug|x64
		{2D6853DF-9470-4D12-B4D3-C82E0C9EBDF3}.Debug|x86.ActiveCfg = Debug|Win32
		{2D6853DF-9470-4D12-B4D3-C82E0C9EBDF3}.Debug|x86.Build.0 = Debug|Win32
		{2D6853DF-9470-4D12-B4D3-C82E0C9EBDF3}.Release|Any CPU.ActiveCfg = Release|x64
		{2D6853DF-9470-4D12-B4D3-C82E0C9EBDF3}.Release|Any CPU.Build.0 = Release|x64
		{2D6853DF-9470-4D12-B4D3-C82E0C9EBDF3}.Release|x64.ActiveCfg = Release|x64
		{2D6853DF-9470-4D12-B4D3-C82E0C9EBDF3}.Release|x64.Build.0 = Release|x64
		{2D6853DF-9470-4D12-B4D3-C82E0C9EBDF3}.Release|x86.ActiveCfg = Release|Win32
		{2D6853DF-9470-4D12-B4D3-C82E0C9EBDF3}.Release|x86.Build.0 = Release|Win32
		{489AE146-9A12-4C46-9D35-416F8B283079}.Debug|Any CPU.ActiveCfg = Debug|x64
		{489AE146-9A12-4C46-9D35-416F8B283079}.Debug|Any CPU.Build.0 = Debug|x64
		{489AE146-9A12-4C46-9D35-416F8B283079}.Debug|x64.ActiveCfg = Debug|x64
		{489AE146-9A12-4C46-9D35-416F8B283079}.Debug|x64.Build.0 = Debug|x64
		{489AE146-9A12-4C46-9D35-416F8B283079}.Debug|x86.ActiveCfg = Debug|Win32
		{489AE146-9A12-4C46-9D35-416F8B283079}.Debug|x86.Build.0 = Debug|Win32
		{489AE146-9A12-4C46-9D35-416F8B283079}.Release|Any CPU.ActiveCfg = Release|x64
		{489AE146-9A12-4C46-9D35-416F8B283079}.Release|Any CPU.Build.0 = Release|x64
		{489AE146-9A12-4C46-9D35-416F8B283079}.Release|x64.ActiveCfg = Release|x64
		{489AE146-9A12-4C46-9D35-416F8B283079}.Release|x64.Build.0 = Release|x64
		{489AE146-9A12-4C46-9D35-416F8B283079}.Release|x86.ActiveCfg = Release|Win32
		{489AE146-9A12-4C46-9D35-416F8B283079}.Release|x86.Build.0 = Release|Win32
		{21A4F805-E45A-4939-BA21-C82FCF217608}.Debug|Any CPU.ActiveCfg = Debug|Any CPU
		{21A4F805-E45A-4939-BA21-C82FCF217608}.Debug|Any CPU.Build.0 = Debug|Any CPU
		{21A4F805-E45A-4939-BA21-C82FCF217608}.Debug|x64.ActiveCfg = Debug|Any CPU
		{21A4F805-E45A-4939-BA21-C82FCF217608}.Debug|x64.Build.0 = Debug|Any CPU
		{21A4F805-E45A-4939-BA21-C82FCF217608}.Debug|x86.ActiveCfg = Debug|Any CPU
		{21A4F805-E45A-4939-BA21-C82FCF217608}.Debug|x86.Build.0 = Debug|Any CPU
		{21A4F805-E45A-4939-BA21-C82FCF217608}.Release|Any CPU.ActiveCfg = Release|Any CPU
		{21A4F805-E45A-4939-BA21-C82FCF217608}.Release|Any CPU.Build.0 = Release|Any CPU
		{21A4F805-E45A-4939-BA21-C82FCF217608}.Release|x64.ActiveCfg = Release|x64
		{21A4F805-E45A-4939-BA21-C82FCF217608}.Release|x64.Build.0 = Release|x64
		{21A4F805-E45A-4939-BA21-C82FCF217608}.Release|x86.ActiveCfg = Release|Any CPU
		{21A4F805-E45A-4939-BA21-C82FCF217608}.Release|x86.Build.0 = Release|Any CPU
		{F559652E-7AD1-46A9-BBDB-CDD1DD49ADBC}.Debug|Any CPU.ActiveCfg = Debug|Any CPU
		{F559652E-7AD1-46A9-BBDB-CDD1DD49ADBC}.Debug|Any CPU.Build.0 = Debug|Any CPU
		{F559652E-7AD1-46A9-BBDB-CDD1DD49ADBC}.Debug|x64.ActiveCfg = Debug|Any CPU
		{F559652E-7AD1-46A9-BBDB-CDD1DD49ADBC}.Debug|x64.Build.0 = Debug|Any CPU
		{F559652E-7AD1-46A9-BBDB-CDD1DD49ADBC}.Debug|x86.ActiveCfg = Debug|Any CPU
		{F559652E-7AD1-46A9-BBDB-CDD1DD49ADBC}.Debug|x86.Build.0 = Debug|Any CPU
		{F559652E-7AD1-46A9-BBDB-CDD1DD49ADBC}.Release|Any CPU.ActiveCfg = Release|Any CPU
		{F559652E-7AD1-46A9-BBDB-CDD1DD49ADBC}.Release|Any CPU.Build.0 = Release|Any CPU
		{F559652E-7AD1-46A9-BBDB-CDD1DD49ADBC}.Release|x64.ActiveCfg = Release|x64
		{F559652E-7AD1-46A9-BBDB-CDD1DD49ADBC}.Release|x64.Build.0 = Release|x64
		{F559652E-7AD1-46A9-BBDB-CDD1DD49ADBC}.Release|x86.ActiveCfg = Release|Any CPU
		{F559652E-7AD1-46A9-BBDB-CDD1DD49ADBC}.Release|x86.Build.0 = Release|Any CPU
		{6D17464E-4F83-4B1D-9D64-9D3D7A9F5CE0}.Debug|Any CPU.ActiveCfg = Debug|x64
		{6D17464E-4F83-4B1D-9D64-9D3D7A9F5CE0}.Debug|Any CPU.Build.0 = Debug|x64
		{6D17464E-4F83-4B1D-9D64-9D3D7A9F5CE0}.Debug|x64.ActiveCfg = Debug|x64
		{6D17464E-4F83-4B1D-9D64-9D3D7A9F5CE0}.Debug|x64.Build.0 = Debug|x64
		{6D17464E-4F83-4B1D-9D64-9D3D7A9F5CE0}.Debug|x86.ActiveCfg = Debug|Win32
		{6D17464E-4F83-4B1D-9D64-9D3D7A9F5CE0}.Debug|x86.Build.0 = Debug|Win32
		{6D17464E-4F83-4B1D-9D64-9D3D7A9F5CE0}.Release|Any CPU.ActiveCfg = Release|x64
		{6D17464E-4F83-4B1D-9D64-9D3D7A9F5CE0}.Release|Any CPU.Build.0 = Release|x64
		{6D17464E-4F83-4B1D-9D64-9D3D7A9F5CE0}.Release|x64.ActiveCfg = Release|x64
		{6D17464E-4F83-4B1D-9D64-9D3D7A9F5CE0}.Release|x64.Build.0 = Release|x64
		{6D17464E-4F83-4B1D-9D64-9D3D7A9F5CE0}.Release|x86.ActiveCfg = Release|Win32
		{6D17464E-4F83-4B1D-9D64-9D3D7A9F5CE0}.Release|x86.Build.0 = Release|Win32
		{36D470BE-FC27-473C-84FF-E8315EEEAE8D}.Debug|Any CPU.ActiveCfg = Debug|x64
		{36D470BE-FC27-473C-84FF-E8315EEEAE8D}.Debug|Any CPU.Build.0 = Debug|x64
		{36D470BE-FC27-473C-84FF-E8315EEEAE8D}.Debug|x64.ActiveCfg = Debug|x64
		{36D470BE-FC27-473C-84FF-E8315EEEAE8D}.Debug|x64.Build.0 = Debug|x64
		{36D470BE-FC27-473C-84FF-E8315EEEAE8D}.Debug|x86.ActiveCfg = Debug|Win32
		{36D470BE-FC27-473C-84FF-E8315EEEAE8D}.Debug|x86.Build.0 = Debug|Win32
		{36D470BE-FC27-473C-84FF-E8315EEEAE8D}.Release|Any CPU.ActiveCfg = Release|x64
		{36D470BE-FC27-473C-84FF-E8315EEEAE8D}.Release|Any CPU.Build.0 = Release|x64
		{36D470BE-FC27-473C-84FF-E8315EEEAE8D}.Release|x64.ActiveCfg = Release|x64
		{36D470BE-FC27-473C-84FF-E8315EEEAE8D}.Release|x64.Build.0 = Release|x64
		{36D470BE-FC27-473C-84FF-E8315EEEAE8D}.Release|x86.ActiveCfg = Release|Win32
		{36D470BE-FC27-473C-84FF-E8315EEEAE8D}.Release|x86.Build.0 = Release|Win32
		{24CD95D4-7D95-460A-B81A-A06FC9D58DF8}.Debug|Any CPU.ActiveCfg = Debug|Any CPU
		{24CD95D4-7D95-460A-B81A-A06FC9D58DF8}.Debug|Any CPU.Build.0 = Debug|Any CPU
		{24CD95D4-7D95-460A-B81A-A06FC9D58DF8}.Debug|x64.ActiveCfg = Debug|x64
		{24CD95D4-7D95-460A-B81A-A06FC9D58DF8}.Debug|x64.Build.0 = Debug|x64
		{24CD95D4-7D95-460A-B81A-A06FC9D58DF8}.Debug|x86.ActiveCfg = Debug|Any CPU
		{24CD95D4-7D95-460A-B81A-A06FC9D58DF8}.Debug|x86.Build.0 = Debug|Any CPU
		{24CD95D4-7D95-460A-B81A-A06FC9D58DF8}.Release|Any CPU.ActiveCfg = Release|Any CPU
		{24CD95D4-7D95-460A-B81A-A06FC9D58DF8}.Release|Any CPU.Build.0 = Release|Any CPU
		{24CD95D4-7D95-460A-B81A-A06FC9D58DF8}.Release|x64.ActiveCfg = Release|x64
		{24CD95D4-7D95-460A-B81A-A06FC9D58DF8}.Release|x64.Build.0 = Release|x64
		{24CD95D4-7D95-460A-B81A-A06FC9D58DF8}.Release|x86.ActiveCfg = Release|Any CPU
		{24CD95D4-7D95-460A-B81A-A06FC9D58DF8}.Release|x86.Build.0 = Release|Any CPU
		{0A0ACAB9-6C9E-4EBC-BCC2-D53ABA6B7DCE}.Debug|Any CPU.ActiveCfg = Debug|Any CPU
		{0A0ACAB9-6C9E-4EBC-BCC2-D53ABA6B7DCE}.Debug|Any CPU.Build.0 = Debug|Any CPU
		{0A0ACAB9-6C9E-4EBC-BCC2-D53ABA6B7DCE}.Debug|x64.ActiveCfg = Debug|x64
		{0A0ACAB9-6C9E-4EBC-BCC2-D53ABA6B7DCE}.Debug|x64.Build.0 = Debug|x64
		{0A0ACAB9-6C9E-4EBC-BCC2-D53ABA6B7DCE}.Debug|x86.ActiveCfg = Debug|Any CPU
		{0A0ACAB9-6C9E-4EBC-BCC2-D53ABA6B7DCE}.Debug|x86.Build.0 = Debug|Any CPU
		{0A0ACAB9-6C9E-4EBC-BCC2-D53ABA6B7DCE}.Release|Any CPU.ActiveCfg = Release|Any CPU
		{0A0ACAB9-6C9E-4EBC-BCC2-D53ABA6B7DCE}.Release|Any CPU.Build.0 = Release|Any CPU
		{0A0ACAB9-6C9E-4EBC-BCC2-D53ABA6B7DCE}.Release|x64.ActiveCfg = Release|x64
		{0A0ACAB9-6C9E-4EBC-BCC2-D53ABA6B7DCE}.Release|x64.Build.0 = Release|x64
		{0A0ACAB9-6C9E-4EBC-BCC2-D53ABA6B7DCE}.Release|x86.ActiveCfg = Release|Any CPU
		{0A0ACAB9-6C9E-4EBC-BCC2-D53ABA6B7DCE}.Release|x86.Build.0 = Release|Any CPU
		{35A8E986-852D-4F7E-9F9B-A95D92DD9AE0}.Debug|Any CPU.ActiveCfg = Debug|Any CPU
		{35A8E986-852D-4F7E-9F9B-A95D92DD9AE0}.Debug|Any CPU.Build.0 = Debug|Any CPU
		{35A8E986-852D-4F7E-9F9B-A95D92DD9AE0}.Debug|x64.ActiveCfg = Debug|x64
		{35A8E986-852D-4F7E-9F9B-A95D92DD9AE0}.Debug|x64.Build.0 = Debug|x64
		{35A8E986-852D-4F7E-9F9B-A95D92DD9AE0}.Debug|x86.ActiveCfg = Debug|Any CPU
		{35A8E986-852D-4F7E-9F9B-A95D92DD9AE0}.Debug|x86.Build.0 = Debug|Any CPU
		{35A8E986-852D-4F7E-9F9B-A95D92DD9AE0}.Release|Any CPU.ActiveCfg = Release|Any CPU
		{35A8E986-852D-4F7E-9F9B-A95D92DD9AE0}.Release|Any CPU.Build.0 = Release|Any CPU
		{35A8E986-852D-4F7E-9F9B-A95D92DD9AE0}.Release|x64.ActiveCfg = Release|x64
		{35A8E986-852D-4F7E-9F9B-A95D92DD9AE0}.Release|x64.Build.0 = Release|x64
		{35A8E986-852D-4F7E-9F9B-A95D92DD9AE0}.Release|x86.ActiveCfg = Release|Any CPU
		{35A8E986-852D-4F7E-9F9B-A95D92DD9AE0}.Release|x86.Build.0 = Release|Any CPU
		{C67B2E81-370B-4EF6-8BFE-DEDCB25D658C}.Debug|Any CPU.ActiveCfg = Debug|Any CPU
		{C67B2E81-370B-4EF6-8BFE-DEDCB25D658C}.Debug|Any CPU.Build.0 = Debug|Any CPU
		{C67B2E81-370B-4EF6-8BFE-DEDCB25D658C}.Debug|x64.ActiveCfg = Debug|x64
		{C67B2E81-370B-4EF6-8BFE-DEDCB25D658C}.Debug|x64.Build.0 = Debug|x64
		{C67B2E81-370B-4EF6-8BFE-DEDCB25D658C}.Debug|x86.ActiveCfg = Debug|x86
		{C67B2E81-370B-4EF6-8BFE-DEDCB25D658C}.Debug|x86.Build.0 = Debug|x86
		{C67B2E81-370B-4EF6-8BFE-DEDCB25D658C}.Release|Any CPU.ActiveCfg = Release|Any CPU
		{C67B2E81-370B-4EF6-8BFE-DEDCB25D658C}.Release|Any CPU.Build.0 = Release|Any CPU
		{C67B2E81-370B-4EF6-8BFE-DEDCB25D658C}.Release|x64.ActiveCfg = Release|x64
		{C67B2E81-370B-4EF6-8BFE-DEDCB25D658C}.Release|x64.Build.0 = Release|x64
		{C67B2E81-370B-4EF6-8BFE-DEDCB25D658C}.Release|x86.ActiveCfg = Release|x86
		{C67B2E81-370B-4EF6-8BFE-DEDCB25D658C}.Release|x86.Build.0 = Release|x86
		{7A75D20E-F0CF-43B0-9382-88C881D9C37A}.Debug|Any CPU.ActiveCfg = Debug|Any CPU
		{7A75D20E-F0CF-43B0-9382-88C881D9C37A}.Debug|Any CPU.Build.0 = Debug|Any CPU
		{7A75D20E-F0CF-43B0-9382-88C881D9C37A}.Debug|x64.ActiveCfg = Debug|Any CPU
		{7A75D20E-F0CF-43B0-9382-88C881D9C37A}.Debug|x64.Build.0 = Debug|Any CPU
		{7A75D20E-F0CF-43B0-9382-88C881D9C37A}.Debug|x86.ActiveCfg = Debug|Any CPU
		{7A75D20E-F0CF-43B0-9382-88C881D9C37A}.Debug|x86.Build.0 = Debug|Any CPU
		{7A75D20E-F0CF-43B0-9382-88C881D9C37A}.Release|Any CPU.ActiveCfg = Release|Any CPU
		{7A75D20E-F0CF-43B0-9382-88C881D9C37A}.Release|Any CPU.Build.0 = Release|Any CPU
		{7A75D20E-F0CF-43B0-9382-88C881D9C37A}.Release|x64.ActiveCfg = Release|x64
		{7A75D20E-F0CF-43B0-9382-88C881D9C37A}.Release|x64.Build.0 = Release|x64
		{7A75D20E-F0CF-43B0-9382-88C881D9C37A}.Release|x86.ActiveCfg = Release|Any CPU
		{7A75D20E-F0CF-43B0-9382-88C881D9C37A}.Release|x86.Build.0 = Release|Any CPU
		{5B4DD384-E9C5-4F8D-9ACA-051B3E005518}.Debug|Any CPU.ActiveCfg = Debug|Any CPU
		{5B4DD384-E9C5-4F8D-9ACA-051B3E005518}.Debug|Any CPU.Build.0 = Debug|Any CPU
		{5B4DD384-E9C5-4F8D-9ACA-051B3E005518}.Debug|x64.ActiveCfg = Debug|x64
		{5B4DD384-E9C5-4F8D-9ACA-051B3E005518}.Debug|x64.Build.0 = Debug|x64
		{5B4DD384-E9C5-4F8D-9ACA-051B3E005518}.Debug|x86.ActiveCfg = Debug|Any CPU
		{5B4DD384-E9C5-4F8D-9ACA-051B3E005518}.Debug|x86.Build.0 = Debug|Any CPU
		{5B4DD384-E9C5-4F8D-9ACA-051B3E005518}.Release|Any CPU.ActiveCfg = Release|Any CPU
		{5B4DD384-E9C5-4F8D-9ACA-051B3E005518}.Release|Any CPU.Build.0 = Release|Any CPU
		{5B4DD384-E9C5-4F8D-9ACA-051B3E005518}.Release|x64.ActiveCfg = Release|x64
		{5B4DD384-E9C5-4F8D-9ACA-051B3E005518}.Release|x64.Build.0 = Release|x64
		{5B4DD384-E9C5-4F8D-9ACA-051B3E005518}.Release|x86.ActiveCfg = Release|Any CPU
		{5B4DD384-E9C5-4F8D-9ACA-051B3E005518}.Release|x86.Build.0 = Release|Any CPU
		{3F29FA92-1BE1-4896-B74E-DA4326E66E0D}.Debug|Any CPU.ActiveCfg = Debug|Any CPU
		{3F29FA92-1BE1-4896-B74E-DA4326E66E0D}.Debug|Any CPU.Build.0 = Debug|Any CPU
		{3F29FA92-1BE1-4896-B74E-DA4326E66E0D}.Debug|x64.ActiveCfg = Debug|Any CPU
		{3F29FA92-1BE1-4896-B74E-DA4326E66E0D}.Debug|x64.Build.0 = Debug|Any CPU
		{3F29FA92-1BE1-4896-B74E-DA4326E66E0D}.Debug|x86.ActiveCfg = Debug|Any CPU
		{3F29FA92-1BE1-4896-B74E-DA4326E66E0D}.Debug|x86.Build.0 = Debug|Any CPU
		{3F29FA92-1BE1-4896-B74E-DA4326E66E0D}.Release|Any CPU.ActiveCfg = Release|Any CPU
		{3F29FA92-1BE1-4896-B74E-DA4326E66E0D}.Release|Any CPU.Build.0 = Release|Any CPU
		{3F29FA92-1BE1-4896-B74E-DA4326E66E0D}.Release|x64.ActiveCfg = Release|x64
		{3F29FA92-1BE1-4896-B74E-DA4326E66E0D}.Release|x64.Build.0 = Release|x64
		{3F29FA92-1BE1-4896-B74E-DA4326E66E0D}.Release|x86.ActiveCfg = Release|Any CPU
		{3F29FA92-1BE1-4896-B74E-DA4326E66E0D}.Release|x86.Build.0 = Release|Any CPU
		{9799E7BC-06C3-477F-A607-50730BC03110}.Debug|Any CPU.ActiveCfg = Debug|Any CPU
		{9799E7BC-06C3-477F-A607-50730BC03110}.Debug|Any CPU.Build.0 = Debug|Any CPU
		{9799E7BC-06C3-477F-A607-50730BC03110}.Debug|x64.ActiveCfg = Debug|Any CPU
		{9799E7BC-06C3-477F-A607-50730BC03110}.Debug|x64.Build.0 = Debug|Any CPU
		{9799E7BC-06C3-477F-A607-50730BC03110}.Debug|x86.ActiveCfg = Debug|Any CPU
		{9799E7BC-06C3-477F-A607-50730BC03110}.Debug|x86.Build.0 = Debug|Any CPU
		{9799E7BC-06C3-477F-A607-50730BC03110}.Release|Any CPU.ActiveCfg = Release|Any CPU
		{9799E7BC-06C3-477F-A607-50730BC03110}.Release|Any CPU.Build.0 = Release|Any CPU
		{9799E7BC-06C3-477F-A607-50730BC03110}.Release|x64.ActiveCfg = Release|x64
		{9799E7BC-06C3-477F-A607-50730BC03110}.Release|x64.Build.0 = Release|x64
		{9799E7BC-06C3-477F-A607-50730BC03110}.Release|x86.ActiveCfg = Release|Any CPU
		{9799E7BC-06C3-477F-A607-50730BC03110}.Release|x86.Build.0 = Release|Any CPU
		{C3159736-7008-410E-9EF3-F13B9F0D6DB8}.Debug|Any CPU.ActiveCfg = Debug|Any CPU
		{C3159736-7008-410E-9EF3-F13B9F0D6DB8}.Debug|Any CPU.Build.0 = Debug|Any CPU
		{C3159736-7008-410E-9EF3-F13B9F0D6DB8}.Debug|x64.ActiveCfg = Debug|x64
		{C3159736-7008-410E-9EF3-F13B9F0D6DB8}.Debug|x64.Build.0 = Debug|x64
		{C3159736-7008-410E-9EF3-F13B9F0D6DB8}.Debug|x86.ActiveCfg = Debug|Any CPU
		{C3159736-7008-410E-9EF3-F13B9F0D6DB8}.Debug|x86.Build.0 = Debug|Any CPU
		{C3159736-7008-410E-9EF3-F13B9F0D6DB8}.Release|Any CPU.ActiveCfg = Release|Any CPU
		{C3159736-7008-410E-9EF3-F13B9F0D6DB8}.Release|Any CPU.Build.0 = Release|Any CPU
		{C3159736-7008-410E-9EF3-F13B9F0D6DB8}.Release|x64.ActiveCfg = Release|x64
		{C3159736-7008-410E-9EF3-F13B9F0D6DB8}.Release|x64.Build.0 = Release|x64
		{C3159736-7008-410E-9EF3-F13B9F0D6DB8}.Release|x86.ActiveCfg = Release|Any CPU
		{C3159736-7008-410E-9EF3-F13B9F0D6DB8}.Release|x86.Build.0 = Release|Any CPU
		{260EBB04-27E8-4145-B397-9C685AA36434}.Debug|Any CPU.ActiveCfg = Debug|x64
		{260EBB04-27E8-4145-B397-9C685AA36434}.Debug|Any CPU.Build.0 = Debug|x64
		{260EBB04-27E8-4145-B397-9C685AA36434}.Debug|x64.ActiveCfg = Debug|x64
		{260EBB04-27E8-4145-B397-9C685AA36434}.Debug|x64.Build.0 = Debug|x64
		{260EBB04-27E8-4145-B397-9C685AA36434}.Debug|x86.ActiveCfg = Debug|Win32
		{260EBB04-27E8-4145-B397-9C685AA36434}.Debug|x86.Build.0 = Debug|Win32
		{260EBB04-27E8-4145-B397-9C685AA36434}.Release|Any CPU.ActiveCfg = Release|x64
		{260EBB04-27E8-4145-B397-9C685AA36434}.Release|Any CPU.Build.0 = Release|x64
		{260EBB04-27E8-4145-B397-9C685AA36434}.Release|x64.ActiveCfg = Release|x64
		{260EBB04-27E8-4145-B397-9C685AA36434}.Release|x64.Build.0 = Release|x64
		{260EBB04-27E8-4145-B397-9C685AA36434}.Release|x86.ActiveCfg = Release|Win32
		{260EBB04-27E8-4145-B397-9C685AA36434}.Release|x86.Build.0 = Release|Win32
		{D9535FBD-C3DE-463A-A4AC-902E4B6C0D5F}.Debug|Any CPU.ActiveCfg = Debug|x64
		{D9535FBD-C3DE-463A-A4AC-902E4B6C0D5F}.Debug|Any CPU.Build.0 = Debug|x64
		{D9535FBD-C3DE-463A-A4AC-902E4B6C0D5F}.Debug|x64.ActiveCfg = Debug|x64
		{D9535FBD-C3DE-463A-A4AC-902E4B6C0D5F}.Debug|x64.Build.0 = Debug|x64
		{D9535FBD-C3DE-463A-A4AC-902E4B6C0D5F}.Debug|x86.ActiveCfg = Debug|Win32
		{D9535FBD-C3DE-463A-A4AC-902E4B6C0D5F}.Debug|x86.Build.0 = Debug|Win32
		{D9535FBD-C3DE-463A-A4AC-902E4B6C0D5F}.Release|Any CPU.ActiveCfg = Release|x64
		{D9535FBD-C3DE-463A-A4AC-902E4B6C0D5F}.Release|Any CPU.Build.0 = Release|x64
		{D9535FBD-C3DE-463A-A4AC-902E4B6C0D5F}.Release|x64.ActiveCfg = Release|x64
		{D9535FBD-C3DE-463A-A4AC-902E4B6C0D5F}.Release|x64.Build.0 = Release|x64
		{D9535FBD-C3DE-463A-A4AC-902E4B6C0D5F}.Release|x86.ActiveCfg = Release|Win32
		{D9535FBD-C3DE-463A-A4AC-902E4B6C0D5F}.Release|x86.Build.0 = Release|Win32
		{65E9E753-FD06-4D20-95AF-76100C27DBBB}.Debug|Any CPU.ActiveCfg = Debug|Any CPU
		{65E9E753-FD06-4D20-95AF-76100C27DBBB}.Debug|Any CPU.Build.0 = Debug|Any CPU
		{65E9E753-FD06-4D20-95AF-76100C27DBBB}.Debug|x64.ActiveCfg = Debug|Any CPU
		{65E9E753-FD06-4D20-95AF-76100C27DBBB}.Debug|x64.Build.0 = Debug|Any CPU
		{65E9E753-FD06-4D20-95AF-76100C27DBBB}.Debug|x86.ActiveCfg = Debug|Any CPU
		{65E9E753-FD06-4D20-95AF-76100C27DBBB}.Debug|x86.Build.0 = Debug|Any CPU
		{65E9E753-FD06-4D20-95AF-76100C27DBBB}.Release|Any CPU.ActiveCfg = Release|Any CPU
		{65E9E753-FD06-4D20-95AF-76100C27DBBB}.Release|Any CPU.Build.0 = Release|Any CPU
		{65E9E753-FD06-4D20-95AF-76100C27DBBB}.Release|x64.ActiveCfg = Release|x64
		{65E9E753-FD06-4D20-95AF-76100C27DBBB}.Release|x64.Build.0 = Release|x64
		{65E9E753-FD06-4D20-95AF-76100C27DBBB}.Release|x86.ActiveCfg = Release|Any CPU
		{65E9E753-FD06-4D20-95AF-76100C27DBBB}.Release|x86.Build.0 = Release|Any CPU
		{60A91278-1752-42DC-BC47-5BE27F6C77BF}.Debug|Any CPU.ActiveCfg = Debug|x64
		{60A91278-1752-42DC-BC47-5BE27F6C77BF}.Debug|Any CPU.Build.0 = Debug|x64
		{60A91278-1752-42DC-BC47-5BE27F6C77BF}.Debug|x64.ActiveCfg = Debug|x64
		{60A91278-1752-42DC-BC47-5BE27F6C77BF}.Debug|x64.Build.0 = Debug|x64
		{60A91278-1752-42DC-BC47-5BE27F6C77BF}.Debug|x86.ActiveCfg = Debug|Win32
		{60A91278-1752-42DC-BC47-5BE27F6C77BF}.Debug|x86.Build.0 = Debug|Win32
		{60A91278-1752-42DC-BC47-5BE27F6C77BF}.Release|Any CPU.ActiveCfg = Release|x64
		{60A91278-1752-42DC-BC47-5BE27F6C77BF}.Release|Any CPU.Build.0 = Release|x64
		{60A91278-1752-42DC-BC47-5BE27F6C77BF}.Release|x64.ActiveCfg = Release|x64
		{60A91278-1752-42DC-BC47-5BE27F6C77BF}.Release|x64.Build.0 = Release|x64
		{60A91278-1752-42DC-BC47-5BE27F6C77BF}.Release|x86.ActiveCfg = Release|Win32
		{60A91278-1752-42DC-BC47-5BE27F6C77BF}.Release|x86.Build.0 = Release|Win32
		{68BB0C48-CDB4-4340-8DC0-515D863C820E}.Debug|Any CPU.ActiveCfg = Debug|Any CPU
		{68BB0C48-CDB4-4340-8DC0-515D863C820E}.Debug|Any CPU.Build.0 = Debug|Any CPU
		{68BB0C48-CDB4-4340-8DC0-515D863C820E}.Debug|x64.ActiveCfg = Debug|Any CPU
		{68BB0C48-CDB4-4340-8DC0-515D863C820E}.Debug|x64.Build.0 = Debug|Any CPU
		{68BB0C48-CDB4-4340-8DC0-515D863C820E}.Debug|x86.ActiveCfg = Debug|Any CPU
		{68BB0C48-CDB4-4340-8DC0-515D863C820E}.Debug|x86.Build.0 = Debug|Any CPU
		{68BB0C48-CDB4-4340-8DC0-515D863C820E}.Release|Any CPU.ActiveCfg = Release|Any CPU
		{68BB0C48-CDB4-4340-8DC0-515D863C820E}.Release|Any CPU.Build.0 = Release|Any CPU
		{68BB0C48-CDB4-4340-8DC0-515D863C820E}.Release|x64.ActiveCfg = Release|x64
		{68BB0C48-CDB4-4340-8DC0-515D863C820E}.Release|x64.Build.0 = Release|x64
		{68BB0C48-CDB4-4340-8DC0-515D863C820E}.Release|x86.ActiveCfg = Release|Any CPU
		{68BB0C48-CDB4-4340-8DC0-515D863C820E}.Release|x86.Build.0 = Release|Any CPU
		{EBBD65E0-02C4-4DF1-B360-E5C27C718BD6}.Debug|Any CPU.ActiveCfg = Debug|Any CPU
		{EBBD65E0-02C4-4DF1-B360-E5C27C718BD6}.Debug|Any CPU.Build.0 = Debug|Any CPU
		{EBBD65E0-02C4-4DF1-B360-E5C27C718BD6}.Debug|x64.ActiveCfg = Debug|Any CPU
		{EBBD65E0-02C4-4DF1-B360-E5C27C718BD6}.Debug|x64.Build.0 = Debug|Any CPU
		{EBBD65E0-02C4-4DF1-B360-E5C27C718BD6}.Debug|x86.ActiveCfg = Debug|Any CPU
		{EBBD65E0-02C4-4DF1-B360-E5C27C718BD6}.Debug|x86.Build.0 = Debug|Any CPU
		{EBBD65E0-02C4-4DF1-B360-E5C27C718BD6}.Release|Any CPU.ActiveCfg = Release|Any CPU
		{EBBD65E0-02C4-4DF1-B360-E5C27C718BD6}.Release|Any CPU.Build.0 = Release|Any CPU
		{EBBD65E0-02C4-4DF1-B360-E5C27C718BD6}.Release|x64.ActiveCfg = Release|x64
		{EBBD65E0-02C4-4DF1-B360-E5C27C718BD6}.Release|x64.Build.0 = Release|x64
		{EBBD65E0-02C4-4DF1-B360-E5C27C718BD6}.Release|x86.ActiveCfg = Release|Any CPU
		{EBBD65E0-02C4-4DF1-B360-E5C27C718BD6}.Release|x86.Build.0 = Release|Any CPU
		{F7C21DE8-D4D5-44E3-9932-9EEF05AFC6A6}.Debug|Any CPU.ActiveCfg = Debug|x64
		{F7C21DE8-D4D5-44E3-9932-9EEF05AFC6A6}.Debug|Any CPU.Build.0 = Debug|x64
		{F7C21DE8-D4D5-44E3-9932-9EEF05AFC6A6}.Debug|x64.ActiveCfg = Debug|x64
		{F7C21DE8-D4D5-44E3-9932-9EEF05AFC6A6}.Debug|x64.Build.0 = Debug|x64
		{F7C21DE8-D4D5-44E3-9932-9EEF05AFC6A6}.Debug|x86.ActiveCfg = Debug|Win32
		{F7C21DE8-D4D5-44E3-9932-9EEF05AFC6A6}.Debug|x86.Build.0 = Debug|Win32
		{F7C21DE8-D4D5-44E3-9932-9EEF05AFC6A6}.Release|Any CPU.ActiveCfg = Release|x64
		{F7C21DE8-D4D5-44E3-9932-9EEF05AFC6A6}.Release|Any CPU.Build.0 = Release|x64
		{F7C21DE8-D4D5-44E3-9932-9EEF05AFC6A6}.Release|x64.ActiveCfg = Release|x64
		{F7C21DE8-D4D5-44E3-9932-9EEF05AFC6A6}.Release|x64.Build.0 = Release|x64
		{F7C21DE8-D4D5-44E3-9932-9EEF05AFC6A6}.Release|x86.ActiveCfg = Release|Win32
		{F7C21DE8-D4D5-44E3-9932-9EEF05AFC6A6}.Release|x86.Build.0 = Release|Win32
		{82B4FF80-1268-4EE4-AE06-7E4ECE30CF97}.Debug|Any CPU.ActiveCfg = Debug|x64
		{82B4FF80-1268-4EE4-AE06-7E4ECE30CF97}.Debug|Any CPU.Build.0 = Debug|x64
		{82B4FF80-1268-4EE4-AE06-7E4ECE30CF97}.Debug|x64.ActiveCfg = Debug|x64
		{82B4FF80-1268-4EE4-AE06-7E4ECE30CF97}.Debug|x64.Build.0 = Debug|x64
		{82B4FF80-1268-4EE4-AE06-7E4ECE30CF97}.Debug|x86.ActiveCfg = Debug|Win32
		{82B4FF80-1268-4EE4-AE06-7E4ECE30CF97}.Debug|x86.Build.0 = Debug|Win32
		{82B4FF80-1268-4EE4-AE06-7E4ECE30CF97}.Release|Any CPU.ActiveCfg = Release|x64
		{82B4FF80-1268-4EE4-AE06-7E4ECE30CF97}.Release|Any CPU.Build.0 = Release|x64
		{82B4FF80-1268-4EE4-AE06-7E4ECE30CF97}.Release|x64.ActiveCfg = Release|x64
		{82B4FF80-1268-4EE4-AE06-7E4ECE30CF97}.Release|x64.Build.0 = Release|x64
		{82B4FF80-1268-4EE4-AE06-7E4ECE30CF97}.Release|x86.ActiveCfg = Release|Win32
		{82B4FF80-1268-4EE4-AE06-7E4ECE30CF97}.Release|x86.Build.0 = Release|Win32
		{58BBD3D3-6AAA-4233-BF21-01B9176EA11D}.Debug|Any CPU.ActiveCfg = Debug|x64
		{58BBD3D3-6AAA-4233-BF21-01B9176EA11D}.Debug|Any CPU.Build.0 = Debug|x64
		{58BBD3D3-6AAA-4233-BF21-01B9176EA11D}.Debug|x64.ActiveCfg = Debug|x64
		{58BBD3D3-6AAA-4233-BF21-01B9176EA11D}.Debug|x64.Build.0 = Debug|x64
		{58BBD3D3-6AAA-4233-BF21-01B9176EA11D}.Debug|x86.ActiveCfg = Debug|Win32
		{58BBD3D3-6AAA-4233-BF21-01B9176EA11D}.Debug|x86.Build.0 = Debug|Win32
		{58BBD3D3-6AAA-4233-BF21-01B9176EA11D}.Release|Any CPU.ActiveCfg = Release|x64
		{58BBD3D3-6AAA-4233-BF21-01B9176EA11D}.Release|Any CPU.Build.0 = Release|x64
		{58BBD3D3-6AAA-4233-BF21-01B9176EA11D}.Release|x64.ActiveCfg = Release|x64
		{58BBD3D3-6AAA-4233-BF21-01B9176EA11D}.Release|x64.Build.0 = Release|x64
		{58BBD3D3-6AAA-4233-BF21-01B9176EA11D}.Release|x86.ActiveCfg = Release|Win32
		{58BBD3D3-6AAA-4233-BF21-01B9176EA11D}.Release|x86.Build.0 = Release|Win32
		{7D57231F-8ED7-4D6E-A43A-A98F05BEF546}.Debug|Any CPU.ActiveCfg = Debug|Any CPU
		{7D57231F-8ED7-4D6E-A43A-A98F05BEF546}.Debug|Any CPU.Build.0 = Debug|Any CPU
		{7D57231F-8ED7-4D6E-A43A-A98F05BEF546}.Debug|x64.ActiveCfg = Debug|Any CPU
		{7D57231F-8ED7-4D6E-A43A-A98F05BEF546}.Debug|x64.Build.0 = Debug|Any CPU
		{7D57231F-8ED7-4D6E-A43A-A98F05BEF546}.Debug|x86.ActiveCfg = Debug|Any CPU
		{7D57231F-8ED7-4D6E-A43A-A98F05BEF546}.Debug|x86.Build.0 = Debug|Any CPU
		{7D57231F-8ED7-4D6E-A43A-A98F05BEF546}.Release|Any CPU.ActiveCfg = Release|Any CPU
		{7D57231F-8ED7-4D6E-A43A-A98F05BEF546}.Release|Any CPU.Build.0 = Release|Any CPU
		{7D57231F-8ED7-4D6E-A43A-A98F05BEF546}.Release|x64.ActiveCfg = Release|x64
		{7D57231F-8ED7-4D6E-A43A-A98F05BEF546}.Release|x64.Build.0 = Release|x64
		{7D57231F-8ED7-4D6E-A43A-A98F05BEF546}.Release|x86.ActiveCfg = Release|Any CPU
		{7D57231F-8ED7-4D6E-A43A-A98F05BEF546}.Release|x86.Build.0 = Release|Any CPU
		{0BBA3140-9E8B-4A1E-833A-A72E3ADD4F72}.Debug|Any CPU.ActiveCfg = Debug|Any CPU
		{0BBA3140-9E8B-4A1E-833A-A72E3ADD4F72}.Debug|Any CPU.Build.0 = Debug|Any CPU
		{0BBA3140-9E8B-4A1E-833A-A72E3ADD4F72}.Debug|x64.ActiveCfg = Debug|Any CPU
		{0BBA3140-9E8B-4A1E-833A-A72E3ADD4F72}.Debug|x64.Build.0 = Debug|Any CPU
		{0BBA3140-9E8B-4A1E-833A-A72E3ADD4F72}.Debug|x86.ActiveCfg = Debug|Any CPU
		{0BBA3140-9E8B-4A1E-833A-A72E3ADD4F72}.Debug|x86.Build.0 = Debug|Any CPU
		{0BBA3140-9E8B-4A1E-833A-A72E3ADD4F72}.Release|Any CPU.ActiveCfg = Release|Any CPU
		{0BBA3140-9E8B-4A1E-833A-A72E3ADD4F72}.Release|Any CPU.Build.0 = Release|Any CPU
		{0BBA3140-9E8B-4A1E-833A-A72E3ADD4F72}.Release|x64.ActiveCfg = Release|x64
		{0BBA3140-9E8B-4A1E-833A-A72E3ADD4F72}.Release|x64.Build.0 = Release|x64
		{0BBA3140-9E8B-4A1E-833A-A72E3ADD4F72}.Release|x86.ActiveCfg = Release|Any CPU
		{0BBA3140-9E8B-4A1E-833A-A72E3ADD4F72}.Release|x86.Build.0 = Release|Any CPU
		{84C5EBBD-3FC7-4E19-AB8D-DF18B0EB5D0E}.Debug|Any CPU.ActiveCfg = Debug|x64
		{84C5EBBD-3FC7-4E19-AB8D-DF18B0EB5D0E}.Debug|Any CPU.Build.0 = Debug|x64
		{84C5EBBD-3FC7-4E19-AB8D-DF18B0EB5D0E}.Debug|x64.ActiveCfg = Debug|x64
		{84C5EBBD-3FC7-4E19-AB8D-DF18B0EB5D0E}.Debug|x64.Build.0 = Debug|x64
		{84C5EBBD-3FC7-4E19-AB8D-DF18B0EB5D0E}.Debug|x86.ActiveCfg = Debug|Win32
		{84C5EBBD-3FC7-4E19-AB8D-DF18B0EB5D0E}.Debug|x86.Build.0 = Debug|Win32
		{84C5EBBD-3FC7-4E19-AB8D-DF18B0EB5D0E}.Release|Any CPU.ActiveCfg = Release|x64
		{84C5EBBD-3FC7-4E19-AB8D-DF18B0EB5D0E}.Release|Any CPU.Build.0 = Release|x64
		{84C5EBBD-3FC7-4E19-AB8D-DF18B0EB5D0E}.Release|x64.ActiveCfg = Release|x64
		{84C5EBBD-3FC7-4E19-AB8D-DF18B0EB5D0E}.Release|x64.Build.0 = Release|x64
		{84C5EBBD-3FC7-4E19-AB8D-DF18B0EB5D0E}.Release|x86.ActiveCfg = Release|Win32
		{84C5EBBD-3FC7-4E19-AB8D-DF18B0EB5D0E}.Release|x86.Build.0 = Release|Win32
		{A5E7E5FA-45A0-4585-BCB5-DD7F947CA559}.Debug|Any CPU.ActiveCfg = Debug|Any CPU
		{A5E7E5FA-45A0-4585-BCB5-DD7F947CA559}.Debug|Any CPU.Build.0 = Debug|Any CPU
		{A5E7E5FA-45A0-4585-BCB5-DD7F947CA559}.Debug|x64.ActiveCfg = Debug|Any CPU
		{A5E7E5FA-45A0-4585-BCB5-DD7F947CA559}.Debug|x64.Build.0 = Debug|Any CPU
		{A5E7E5FA-45A0-4585-BCB5-DD7F947CA559}.Debug|x86.ActiveCfg = Debug|Any CPU
		{A5E7E5FA-45A0-4585-BCB5-DD7F947CA559}.Debug|x86.Build.0 = Debug|Any CPU
		{A5E7E5FA-45A0-4585-BCB5-DD7F947CA559}.Release|Any CPU.ActiveCfg = Release|Any CPU
		{A5E7E5FA-45A0-4585-BCB5-DD7F947CA559}.Release|Any CPU.Build.0 = Release|Any CPU
		{A5E7E5FA-45A0-4585-BCB5-DD7F947CA559}.Release|x64.ActiveCfg = Release|x64
		{A5E7E5FA-45A0-4585-BCB5-DD7F947CA559}.Release|x64.Build.0 = Release|x64
		{A5E7E5FA-45A0-4585-BCB5-DD7F947CA559}.Release|x86.ActiveCfg = Release|Any CPU
		{A5E7E5FA-45A0-4585-BCB5-DD7F947CA559}.Release|x86.Build.0 = Release|Any CPU
		{AB676305-CCB3-471A-95BC-A9CED226D82F}.Debug|Any CPU.ActiveCfg = Debug|Any CPU
		{AB676305-CCB3-471A-95BC-A9CED226D82F}.Debug|Any CPU.Build.0 = Debug|Any CPU
		{AB676305-CCB3-471A-95BC-A9CED226D82F}.Debug|x64.ActiveCfg = Debug|x64
		{AB676305-CCB3-471A-95BC-A9CED226D82F}.Debug|x64.Build.0 = Debug|x64
		{AB676305-CCB3-471A-95BC-A9CED226D82F}.Debug|x86.ActiveCfg = Debug|Any CPU
		{AB676305-CCB3-471A-95BC-A9CED226D82F}.Debug|x86.Build.0 = Debug|Any CPU
		{AB676305-CCB3-471A-95BC-A9CED226D82F}.Release|Any CPU.ActiveCfg = Release|Any CPU
		{AB676305-CCB3-471A-95BC-A9CED226D82F}.Release|Any CPU.Build.0 = Release|Any CPU
		{AB676305-CCB3-471A-95BC-A9CED226D82F}.Release|x64.ActiveCfg = Release|x64
		{AB676305-CCB3-471A-95BC-A9CED226D82F}.Release|x64.Build.0 = Release|x64
		{AB676305-CCB3-471A-95BC-A9CED226D82F}.Release|x86.ActiveCfg = Release|Any CPU
		{AB676305-CCB3-471A-95BC-A9CED226D82F}.Release|x86.Build.0 = Release|Any CPU
	EndGlobalSection
	GlobalSection(SolutionProperties) = preSolution
		HideSolutionNode = FALSE
	EndGlobalSection
	GlobalSection(NestedProjects) = preSolution
		{24CD95D4-7D95-460A-B81A-A06FC9D58DF8} = {A9F176C0-5B8C-4251-AEC6-7DB6BC753288}
		{0A0ACAB9-6C9E-4EBC-BCC2-D53ABA6B7DCE} = {A9F176C0-5B8C-4251-AEC6-7DB6BC753288}
		{35A8E986-852D-4F7E-9F9B-A95D92DD9AE0} = {A9F176C0-5B8C-4251-AEC6-7DB6BC753288}
		{C67B2E81-370B-4EF6-8BFE-DEDCB25D658C} = {A9F176C0-5B8C-4251-AEC6-7DB6BC753288}
		{7A75D20E-F0CF-43B0-9382-88C881D9C37A} = {A9F176C0-5B8C-4251-AEC6-7DB6BC753288}
		{9799E7BC-06C3-477F-A607-50730BC03110} = {A9F176C0-5B8C-4251-AEC6-7DB6BC753288}
		{995D4753-72CD-4502-8545-5AA4A0BA7ADC} = {121CC458-7196-401B-82D5-0BEA6E2D1A8D}
		{C3159736-7008-410E-9EF3-F13B9F0D6DB8} = {995D4753-72CD-4502-8545-5AA4A0BA7ADC}
		{260EBB04-27E8-4145-B397-9C685AA36434} = {995D4753-72CD-4502-8545-5AA4A0BA7ADC}
		{8247C76C-E171-4419-A119-FAAD95DF3AD9} = {121CC458-7196-401B-82D5-0BEA6E2D1A8D}
		{D9535FBD-C3DE-463A-A4AC-902E4B6C0D5F} = {8247C76C-E171-4419-A119-FAAD95DF3AD9}
		{65E9E753-FD06-4D20-95AF-76100C27DBBB} = {8247C76C-E171-4419-A119-FAAD95DF3AD9}
		{56368846-719E-4667-9866-55D1FF09B1AE} = {121CC458-7196-401B-82D5-0BEA6E2D1A8D}
		{60A91278-1752-42DC-BC47-5BE27F6C77BF} = {56368846-719E-4667-9866-55D1FF09B1AE}
		{68BB0C48-CDB4-4340-8DC0-515D863C820E} = {56368846-719E-4667-9866-55D1FF09B1AE}
		{A2593F3B-2F95-4315-B719-8B8786088781} = {121CC458-7196-401B-82D5-0BEA6E2D1A8D}
		{EBBD65E0-02C4-4DF1-B360-E5C27C718BD6} = {A2593F3B-2F95-4315-B719-8B8786088781}
		{F7C21DE8-D4D5-44E3-9932-9EEF05AFC6A6} = {A2593F3B-2F95-4315-B719-8B8786088781}
		{03C5CF15-A33D-49A1-AA86-3738AEC3A76A} = {121CC458-7196-401B-82D5-0BEA6E2D1A8D}
		{58BBD3D3-6AAA-4233-BF21-01B9176EA11D} = {03C5CF15-A33D-49A1-AA86-3738AEC3A76A}
		{7D57231F-8ED7-4D6E-A43A-A98F05BEF546} = {03C5CF15-A33D-49A1-AA86-3738AEC3A76A}
		{0BBA3140-9E8B-4A1E-833A-A72E3ADD4F72} = {A9F176C0-5B8C-4251-AEC6-7DB6BC753288}
		{4C209CB5-22F5-4122-A926-399D6FD5D4B6} = {121CC458-7196-401B-82D5-0BEA6E2D1A8D}
		{84C5EBBD-3FC7-4E19-AB8D-DF18B0EB5D0E} = {4C209CB5-22F5-4122-A926-399D6FD5D4B6}
		{A5E7E5FA-45A0-4585-BCB5-DD7F947CA559} = {4C209CB5-22F5-4122-A926-399D6FD5D4B6}
		{AB676305-CCB3-471A-95BC-A9CED226D82F} = {A9F176C0-5B8C-4251-AEC6-7DB6BC753288}
	EndGlobalSection
	GlobalSection(ExtensibilityGlobals) = postSolution
		SolutionGuid = {2EBC4655-F715-4CB1-BFB4-893675AA0BFB}
	EndGlobalSection
EndGlobal
