
Microsoft Visual Studio Solution File, Format Version 12.00
# Visual Studio Version 17
VisualStudioVersion = 17.9.34607.119
MinimumVisualStudioVersion = 10.0.40219.1
Project("{8BC9CEB8-8B4A-11D0-8D11-00A0C91BC942}") = "NCore", "NCore.vcxproj", "{9BFAA14F-2472-4C61-A5E1-F6B555867E05}"
EndProject
Project("{8BC9CEB8-8B4A-11D0-8D11-00A0C91BC942}") = "NCvToolCore", "NCvToolCore\NCvToolCore.vcxproj", "{E109E2B7-B16F-4235-88E7-68BC5DE365AC}"
EndProject
Project("{8BC9CEB8-8B4A-11D0-8D11-00A0C91BC942}") = "TestCvTool", "TestCvTool\TestCvTool.vcxproj", "{2D6853DF-9470-4D12-B4D3-C82E0C9EBDF3}"
EndProject
Project("{8BC9CEB8-8B4A-11D0-8D11-00A0C91BC942}") = "NTaskProcessor", "NTaskProcessor\NTaskProcessor.vcxproj", "{489AE146-9A12-4C46-9D35-416F8B283079}"
EndProject
Project("{FAE04EC0-301F-11D3-BF4B-00C04F79EFBC}") = "wfTestTaskProcessor", "wfTestTaskProcessor\wfTestTaskProcessor.csproj", "{21A4F805-E45A-4939-BA21-C82FCF217608}"
EndProject
Project("{FAE04EC0-301F-11D3-BF4B-00C04F79EFBC}") = "NViewer", "NViewer\NViewer.csproj", "{F559652E-7AD1-46A9-BBDB-CDD1DD49ADBC}"
EndProject
Project("{8BC9CEB8-8B4A-11D0-8D11-00A0C91BC942}") = "NToolCore", "NToolCore\NToolCore.vcxproj", "{6D17464E-4F83-4B1D-9D64-9D3D7A9F5CE0}"
EndProject
Project("{8BC9CEB8-8B4A-11D0-8D11-00A0C91BC942}") = "TestShareBuffer", "TestShareBuffer\TestShareBuffer.vcxproj", "{36D470BE-FC27-473C-84FF-E8315EEEAE8D}"
EndProject
Global
	GlobalSection(SolutionConfigurationPlatforms) = preSolution
		Debug|Any CPU = Debug|Any CPU
		Debug|x64 = Debug|x64
		Debug|x86 = Debug|x86
		Release|Any CPU = Release|Any CPU
		Release|x64 = Release|x64
		Release|x86 = Release|x86
	EndGlobalSection
	GlobalSection(ProjectConfigurationPlatforms) = postSolution
		{9BFAA14F-2472-4C61-A5E1-F6B555867E05}.Debug|Any CPU.ActiveCfg = Debug|x64
		{9BFAA14F-2472-4C61-A5E1-F6B555867E05}.Debug|Any CPU.Build.0 = Debug|x64
		{9BFAA14F-2472-4C61-A5E1-F6B555867E05}.Debug|x64.ActiveCfg = Debug|x64
		{9BFAA14F-2472-4C61-A5E1-F6B555867E05}.Debug|x64.Build.0 = Debug|x64
		{9BFAA14F-2472-4C61-A5E1-F6B555867E05}.Debug|x86.ActiveCfg = Debug|Win32
		{9BFAA14F-2472-4C61-A5E1-F6B555867E05}.Debug|x86.Build.0 = Debug|Win32
		{9BFAA14F-2472-4C61-A5E1-F6B555867E05}.Release|Any CPU.ActiveCfg = Release|x64
		{9BFAA14F-2472-4C61-A5E1-F6B555867E05}.Release|Any CPU.Build.0 = Release|x64
		{9BFAA14F-2472-4C61-A5E1-F6B555867E05}.Release|x64.ActiveCfg = Release|x64
		{9BFAA14F-2472-4C61-A5E1-F6B555867E05}.Release|x64.Build.0 = Release|x64
		{9BFAA14F-2472-4C61-A5E1-F6B555867E05}.Release|x86.ActiveCfg = Release|Win32
		{9BFAA14F-2472-4C61-A5E1-F6B555867E05}.Release|x86.Build.0 = Release|Win32
		{E109E2B7-B16F-4235-88E7-68BC5DE365AC}.Debug|Any CPU.ActiveCfg = Debug|x64
		{E109E2B7-B16F-4235-88E7-68BC5DE365AC}.Debug|Any CPU.Build.0 = Debug|x64
		{E109E2B7-B16F-4235-88E7-68BC5DE365AC}.Debug|x64.ActiveCfg = Debug|x64
		{E109E2B7-B16F-4235-88E7-68BC5DE365AC}.Debug|x64.Build.0 = Debug|x64
		{E109E2B7-B16F-4235-88E7-68BC5DE365AC}.Debug|x86.ActiveCfg = Debug|Win32
		{E109E2B7-B16F-4235-88E7-68BC5DE365AC}.Debug|x86.Build.0 = Debug|Win32
		{E109E2B7-B16F-4235-88E7-68BC5DE365AC}.Release|Any CPU.ActiveCfg = Release|x64
		{E109E2B7-B16F-4235-88E7-68BC5DE365AC}.Release|Any CPU.Build.0 = Release|x64
		{E109E2B7-B16F-4235-88E7-68BC5DE365AC}.Release|x64.ActiveCfg = Release|x64
		{E109E2B7-B16F-4235-88E7-68BC5DE365AC}.Release|x64.Build.0 = Release|x64
		{E109E2B7-B16F-4235-88E7-68BC5DE365AC}.Release|x86.ActiveCfg = Release|Win32
		{E109E2B7-B16F-4235-88E7-68BC5DE365AC}.Release|x86.Build.0 = Release|Win32
		{2D6853DF-9470-4D12-B4D3-C82E0C9EBDF3}.Debug|Any CPU.ActiveCfg = Debug|x64
		{2D6853DF-9470-4D12-B4D3-C82E0C9EBDF3}.Debug|Any CPU.Build.0 = Debug|x64
		{2D6853DF-9470-4D12-B4D3-C82E0C9EBDF3}.Debug|x64.ActiveCfg = Debug|x64
		{2D6853DF-9470-4D12-B4D3-C82E0C9EBDF3}.Debug|x64.Build.0 = Debug|x64
		{2D6853DF-9470-4D12-B4D3-C82E0C9EBDF3}.Debug|x86.ActiveCfg = Debug|Win32
		{2D6853DF-9470-4D12-B4D3-C82E0C9EBDF3}.Debug|x86.Build.0 = Debug|Win32
		{2D6853DF-9470-4D12-B4D3-C82E0C9EBDF3}.Release|Any CPU.ActiveCfg = Release|x64
		{2D6853DF-9470-4D12-B4D3-C82E0C9EBDF3}.Release|Any CPU.Build.0 = Release|x64
		{2D6853DF-9470-4D12-B4D3-C82E0C9EBDF3}.Release|x64.ActiveCfg = Release|x64
		{2D6853DF-9470-4D12-B4D3-C82E0C9EBDF3}.Release|x64.Build.0 = Release|x64
		{2D6853DF-9470-4D12-B4D3-C82E0C9EBDF3}.Release|x86.ActiveCfg = Release|Win32
		{2D6853DF-9470-4D12-B4D3-C82E0C9EBDF3}.Release|x86.Build.0 = Release|Win32
		{489AE146-9A12-4C46-9D35-416F8B283079}.Debug|Any CPU.ActiveCfg = Debug|x64
		{489AE146-9A12-4C46-9D35-416F8B283079}.Debug|Any CPU.Build.0 = Debug|x64
		{489AE146-9A12-4C46-9D35-416F8B283079}.Debug|x64.ActiveCfg = Debug|x64
		{489AE146-9A12-4C46-9D35-416F8B283079}.Debug|x64.Build.0 = Debug|x64
		{489AE146-9A12-4C46-9D35-416F8B283079}.Debug|x86.ActiveCfg = Debug|Win32
		{489AE146-9A12-4C46-9D35-416F8B283079}.Debug|x86.Build.0 = Debug|Win32
		{489AE146-9A12-4C46-9D35-416F8B283079}.Release|Any CPU.ActiveCfg = Release|x64
		{489AE146-9A12-4C46-9D35-416F8B283079}.Release|Any CPU.Build.0 = Release|x64
		{489AE146-9A12-4C46-9D35-416F8B283079}.Release|x64.ActiveCfg = Release|x64
		{489AE146-9A12-4C46-9D35-416F8B283079}.Release|x64.Build.0 = Release|x64
		{489AE146-9A12-4C46-9D35-416F8B283079}.Release|x86.ActiveCfg = Release|Win32
		{489AE146-9A12-4C46-9D35-416F8B283079}.Release|x86.Build.0 = Release|Win32
		{21A4F805-E45A-4939-BA21-C82FCF217608}.Debug|Any CPU.ActiveCfg = Debug|Any CPU
		{21A4F805-E45A-4939-BA21-C82FCF217608}.Debug|Any CPU.Build.0 = Debug|Any CPU
		{21A4F805-E45A-4939-BA21-C82FCF217608}.Debug|x64.ActiveCfg = Debug|Any CPU
		{21A4F805-E45A-4939-BA21-C82FCF217608}.Debug|x64.Build.0 = Debug|Any CPU
		{21A4F805-E45A-4939-BA21-C82FCF217608}.Debug|x86.ActiveCfg = Debug|Any CPU
		{21A4F805-E45A-4939-BA21-C82FCF217608}.Debug|x86.Build.0 = Debug|Any CPU
		{21A4F805-E45A-4939-BA21-C82FCF217608}.Release|Any CPU.ActiveCfg = Release|Any CPU
		{21A4F805-E45A-4939-BA21-C82FCF217608}.Release|Any CPU.Build.0 = Release|Any CPU
		{21A4F805-E45A-4939-BA21-C82FCF217608}.Release|x64.ActiveCfg = Release|x64
		{21A4F805-E45A-4939-BA21-C82FCF217608}.Release|x64.Build.0 = Release|x64
		{21A4F805-E45A-4939-BA21-C82FCF217608}.Release|x86.ActiveCfg = Release|Any CPU
		{21A4F805-E45A-4939-BA21-C82FCF217608}.Release|x86.Build.0 = Release|Any CPU
		{F559652E-7AD1-46A9-BBDB-CDD1DD49ADBC}.Debug|Any CPU.ActiveCfg = Debug|Any CPU
		{F559652E-7AD1-46A9-BBDB-CDD1DD49ADBC}.Debug|Any CPU.Build.0 = Debug|Any CPU
		{F559652E-7AD1-46A9-BBDB-CDD1DD49ADBC}.Debug|x64.ActiveCfg = Debug|Any CPU
		{F559652E-7AD1-46A9-BBDB-CDD1DD49ADBC}.Debug|x64.Build.0 = Debug|Any CPU
		{F559652E-7AD1-46A9-BBDB-CDD1DD49ADBC}.Debug|x86.ActiveCfg = Debug|Any CPU
		{F559652E-7AD1-46A9-BBDB-CDD1DD49ADBC}.Debug|x86.Build.0 = Debug|Any CPU
		{F559652E-7AD1-46A9-BBDB-CDD1DD49ADBC}.Release|Any CPU.ActiveCfg = Release|Any CPU
		{F559652E-7AD1-46A9-BBDB-CDD1DD49ADBC}.Release|Any CPU.Build.0 = Release|Any CPU
		{F559652E-7AD1-46A9-BBDB-CDD1DD49ADBC}.Release|x64.ActiveCfg = Release|x64
		{F559652E-7AD1-46A9-BBDB-CDD1DD49ADBC}.Release|x64.Build.0 = Release|x64
		{F559652E-7AD1-46A9-BBDB-CDD1DD49ADBC}.Release|x86.ActiveCfg = Release|Any CPU
		{F559652E-7AD1-46A9-BBDB-CDD1DD49ADBC}.Release|x86.Build.0 = Release|Any CPU
		{6D17464E-4F83-4B1D-9D64-9D3D7A9F5CE0}.Debug|Any CPU.ActiveCfg = Debug|x64
		{6D17464E-4F83-4B1D-9D64-9D3D7A9F5CE0}.Debug|Any CPU.Build.0 = Debug|x64
		{6D17464E-4F83-4B1D-9D64-9D3D7A9F5CE0}.Debug|x64.ActiveCfg = Debug|x64
		{6D17464E-4F83-4B1D-9D64-9D3D7A9F5CE0}.Debug|x64.Build.0 = Debug|x64
		{6D17464E-4F83-4B1D-9D64-9D3D7A9F5CE0}.Debug|x86.ActiveCfg = Debug|Win32
		{6D17464E-4F83-4B1D-9D64-9D3D7A9F5CE0}.Debug|x86.Build.0 = Debug|Win32
		{6D17464E-4F83-4B1D-9D64-9D3D7A9F5CE0}.Release|Any CPU.ActiveCfg = Release|x64
		{6D17464E-4F83-4B1D-9D64-9D3D7A9F5CE0}.Release|Any CPU.Build.0 = Release|x64
		{6D17464E-4F83-4B1D-9D64-9D3D7A9F5CE0}.Release|x64.ActiveCfg = Release|x64
		{6D17464E-4F83-4B1D-9D64-9D3D7A9F5CE0}.Release|x64.Build.0 = Release|x64
		{6D17464E-4F83-4B1D-9D64-9D3D7A9F5CE0}.Release|x86.ActiveCfg = Release|Win32
		{6D17464E-4F83-4B1D-9D64-9D3D7A9F5CE0}.Release|x86.Build.0 = Release|Win32
		{36D470BE-FC27-473C-84FF-E8315EEEAE8D}.Debug|Any CPU.ActiveCfg = Debug|x64
		{36D470BE-FC27-473C-84FF-E8315EEEAE8D}.Debug|Any CPU.Build.0 = Debug|x64
		{36D470BE-FC27-473C-84FF-E8315EEEAE8D}.Debug|x64.ActiveCfg = Debug|x64
		{36D470BE-FC27-473C-84FF-E8315EEEAE8D}.Debug|x64.Build.0 = Debug|x64
		{36D470BE-FC27-473C-84FF-E8315EEEAE8D}.Debug|x86.ActiveCfg = Debug|Win32
		{36D470BE-FC27-473C-84FF-E8315EEEAE8D}.Debug|x86.Build.0 = Debug|Win32
		{36D470BE-FC27-473C-84FF-E8315EEEAE8D}.Release|Any CPU.ActiveCfg = Release|x64
		{36D470BE-FC27-473C-84FF-E8315EEEAE8D}.Release|Any CPU.Build.0 = Release|x64
		{36D470BE-FC27-473C-84FF-E8315EEEAE8D}.Release|x64.ActiveCfg = Release|x64
		{36D470BE-FC27-473C-84FF-E8315EEEAE8D}.Release|x64.Build.0 = Release|x64
		{36D470BE-FC27-473C-84FF-E8315EEEAE8D}.Release|x86.ActiveCfg = Release|Win32
		{36D470BE-FC27-473C-84FF-E8315EEEAE8D}.Release|x86.Build.0 = Release|Win32
	EndGlobalSection
	GlobalSection(SolutionProperties) = preSolution
		HideSolutionNode = FALSE
	EndGlobalSection
	GlobalSection(ExtensibilityGlobals) = postSolution
		SolutionGuid = {2EBC4655-F715-4CB1-BFB4-893675AA0BFB}
	EndGlobalSection
EndGlobal
