<?xml version="1.0" encoding="utf-8"?>
<Project ToolsVersion="4.0" xmlns="http://schemas.microsoft.com/developer/msbuild/2003">
  <ItemGroup>
    <Filter Include="Source Files">
      <UniqueIdentifier>{4FC737F1-C7A5-4376-A066-2A32D752A2FF}</UniqueIdentifier>
      <Extensions>cpp;c;cc;cxx;c++;cppm;ixx;def;odl;idl;hpj;bat;asm;asmx</Extensions>
    </Filter>
    <Filter Include="Header Files">
      <UniqueIdentifier>{93995380-89BD-4b04-88EB-625FBE52EBFB}</UniqueIdentifier>
      <Extensions>h;hh;hpp;hxx;h++;hm;inl;inc;ipp;xsd</Extensions>
    </Filter>
    <Filter Include="Resource Files">
      <UniqueIdentifier>{67DA6AB6-F800-4c08-8B7A-83BB121AAD01}</UniqueIdentifier>
      <Extensions>rc;ico;cur;bmp;dlg;rc2;rct;bin;rgs;gif;jpg;jpeg;jpe;resx;tiff;tif;png;wav;mfcribbon-ms</Extensions>
    </Filter>
    <Filter Include="Header Files\Tools">
      <UniqueIdentifier>{6ffb5d16-8e6f-4946-aefd-b9e8d2a9369f}</UniqueIdentifier>
    </Filter>
    <Filter Include="Source Files\Tools">
      <UniqueIdentifier>{545f46c4-4e14-4cc4-baf7-5c575f1b3bde}</UniqueIdentifier>
    </Filter>
    <Filter Include="Header Files\Tools\View">
      <UniqueIdentifier>{43ff2e7d-bfb1-460d-9294-4df0af6410ae}</UniqueIdentifier>
    </Filter>
    <Filter Include="Source Files\Tools\View">
      <UniqueIdentifier>{ce6b729d-2759-450f-94b3-4eda33e572ab}</UniqueIdentifier>
    </Filter>
    <Filter Include="Header Files\Tools\ThreadPool">
      <UniqueIdentifier>{d401d0c2-1171-4001-bec5-2fde1dce1ed2}</UniqueIdentifier>
    </Filter>
    <Filter Include="Source Files\Tools\ThreadPool">
      <UniqueIdentifier>{15765b38-8a09-4886-8375-5f0bcf27b4a8}</UniqueIdentifier>
    </Filter>
    <Filter Include="Header Files\Tools\Camera">
      <UniqueIdentifier>{03e78593-34a3-4113-a10a-1d81337198ad}</UniqueIdentifier>
    </Filter>
    <Filter Include="Header Files\Tools\Camera\Hik">
      <UniqueIdentifier>{79fae297-eefd-4f1c-8caf-1889f1f5a79b}</UniqueIdentifier>
    </Filter>
    <Filter Include="Header Files\Tools\Camera\Basler">
      <UniqueIdentifier>{0e4cfcbf-7f4f-40c9-8d03-beccb47066a9}</UniqueIdentifier>
    </Filter>
    <Filter Include="Source Files\Tools\Camera">
      <UniqueIdentifier>{cfa1bbda-8732-47de-89dd-2e3c6ce0f132}</UniqueIdentifier>
    </Filter>
    <Filter Include="Source Files\Tools\Camera\Hik">
      <UniqueIdentifier>{97f7d891-6adb-47b1-ab5a-dcbf5a522342}</UniqueIdentifier>
    </Filter>
    <Filter Include="Source Files\Tools\Camera\Basler">
      <UniqueIdentifier>{8dba0d62-981c-4cad-8a76-ecbcbe70228f}</UniqueIdentifier>
    </Filter>
    <Filter Include="Header Files\Tools\Camera\UsbCam">
      <UniqueIdentifier>{8be3d52a-4401-4228-948d-ccca779d2d6e}</UniqueIdentifier>
    </Filter>
    <Filter Include="Source Files\Tools\Camera\UsbCam">
      <UniqueIdentifier>{f4b7bf98-1841-4cbc-86ec-10af8b73cfc6}</UniqueIdentifier>
    </Filter>
    <Filter Include="Header Files\Tools\Log">
      <UniqueIdentifier>{53d88a98-5597-4e16-838c-6e75c62d607b}</UniqueIdentifier>
    </Filter>
    <Filter Include="Source Files\Tools\Log">
      <UniqueIdentifier>{53555854-f570-4085-9b03-e49414b980be}</UniqueIdentifier>
    </Filter>
    <Filter Include="Header Files\Tools\UI">
      <UniqueIdentifier>{c80d7634-c498-486f-8d3d-858beefb70d1}</UniqueIdentifier>
    </Filter>
    <Filter Include="Source Files\Tools\UI">
      <UniqueIdentifier>{08cc4060-034b-4607-aab0-739ca6807138}</UniqueIdentifier>
    </Filter>
  </ItemGroup>
  <ItemGroup>
    <ClInclude Include="framework.h">
      <Filter>Header Files</Filter>
    </ClInclude>
    <ClInclude Include="pch.h">
      <Filter>Header Files</Filter>
    </ClInclude>
    <ClInclude Include="Header\View\SharedMemoryBuffer.h">
      <Filter>Header Files\Tools\View</Filter>
    </ClInclude>
    <ClInclude Include="Header\ThreadPool\PriorityThread.h">
      <Filter>Header Files\Tools\ThreadPool</Filter>
    </ClInclude>
    <ClInclude Include="Header\ThreadPool\ThreadData.h">
      <Filter>Header Files\Tools\ThreadPool</Filter>
    </ClInclude>
    <ClInclude Include="Header\ThreadPool\ThreadPool.h">
      <Filter>Header Files\Tools\ThreadPool</Filter>
    </ClInclude>
    <ClInclude Include="Header\ThreadPool\TimerThreadPool.h">
      <Filter>Header Files\Tools\ThreadPool</Filter>
    </ClInclude>
    <ClInclude Include="Header\ThreadPool\WaitThreadPool.h">
      <Filter>Header Files\Tools\ThreadPool</Filter>
    </ClInclude>
    <ClInclude Include="Header\ThreadPool\WorkThreadArray.h">
      <Filter>Header Files\Tools\ThreadPool</Filter>
    </ClInclude>
    <ClInclude Include="Header\ThreadPool\WorkThreadPool.h">
      <Filter>Header Files\Tools\ThreadPool</Filter>
    </ClInclude>
    <ClInclude Include="Header\Camera\Hik\FrameGrabber.h">
      <Filter>Header Files\Tools\Camera\Hik</Filter>
    </ClInclude>
    <ClInclude Include="Header\Camera\Hik\FrameGrabber_MVS_GigE.h">
      <Filter>Header Files\Tools\Camera\Hik</Filter>
    </ClInclude>
    <ClInclude Include="Header\Camera\Hik\FrameGrabberParam.h">
      <Filter>Header Files\Tools\Camera\Hik</Filter>
    </ClInclude>
    <ClInclude Include="Header\Camera\Hik\MvCamera.h">
      <Filter>Header Files\Tools\Camera\Hik</Filter>
    </ClInclude>
    <ClInclude Include="Header\Camera\Basler\FrameGrabber_BaslerCam.h">
      <Filter>Header Files\Tools\Camera\Basler</Filter>
    </ClInclude>
    <ClInclude Include="Header\Camera\Basler\PylonStringHelpers.h">
      <Filter>Header Files\Tools\Camera\Basler</Filter>
    </ClInclude>
    <ClInclude Include="Header\Camera\Basler\FrameGrabber_BaslerCam_New.h">
      <Filter>Header Files\Tools\Camera\Basler</Filter>
    </ClInclude>
    <ClInclude Include="Header\Camera\UsbCam\DeviceEnumerator.h">
      <Filter>Header Files\Tools\Camera\UsbCam</Filter>
    </ClInclude>
    <ClInclude Include="Header\Camera\UsbCam\FrameGrabber_UsbCam.h">
      <Filter>Header Files\Tools\Camera\UsbCam</Filter>
    </ClInclude>
    <ClInclude Include="Header\Log\FolderScheduling.h">
      <Filter>Header Files\Tools\Log</Filter>
    </ClInclude>
    <ClInclude Include="Header\Log\ListBoxLog.h">
      <Filter>Header Files\Tools\Log</Filter>
    </ClInclude>
    <ClInclude Include="Header\UI\HWChecker.h">
      <Filter>Header Files\Tools\UI</Filter>
    </ClInclude>
    <ClInclude Include="Resource.h">
      <Filter>Header Files</Filter>
    </ClInclude>
  </ItemGroup>
  <ItemGroup>
    <ClCompile Include="NToolCore.cpp">
      <Filter>Source Files</Filter>
    </ClCompile>
    <ClCompile Include="pch.cpp">
      <Filter>Source Files</Filter>
    </ClCompile>
    <ClCompile Include="Tools\View\SharedMemoryBuffer.cpp">
      <Filter>Source Files\Tools\View</Filter>
    </ClCompile>
    <ClCompile Include="Tools\ThreadPool\PriorityThread.cpp">
      <Filter>Source Files\Tools\ThreadPool</Filter>
    </ClCompile>
    <ClCompile Include="Tools\ThreadPool\ThreadPool.cpp">
      <Filter>Source Files\Tools\ThreadPool</Filter>
    </ClCompile>
    <ClCompile Include="Tools\ThreadPool\TimerThreadPool.cpp">
      <Filter>Source Files\Tools\ThreadPool</Filter>
    </ClCompile>
    <ClCompile Include="Tools\ThreadPool\WaitThreadPool.cpp">
      <Filter>Source Files\Tools\ThreadPool</Filter>
    </ClCompile>
    <ClCompile Include="Tools\ThreadPool\WorkThreadArray.cpp">
      <Filter>Source Files\Tools\ThreadPool</Filter>
    </ClCompile>
    <ClCompile Include="Tools\ThreadPool\WorkThreadPool.cpp">
      <Filter>Source Files\Tools\ThreadPool</Filter>
    </ClCompile>
    <ClCompile Include="Tools\Camera\Hik\FrameGrabber.cpp">
      <Filter>Source Files\Tools\Camera\Hik</Filter>
    </ClCompile>
    <ClCompile Include="Tools\Camera\Hik\FrameGrabber_MVS_GigE.cpp">
      <Filter>Source Files\Tools\Camera\Hik</Filter>
    </ClCompile>
    <ClCompile Include="Tools\Camera\Hik\M_FrameGrabber.cpp">
      <Filter>Source Files\Tools\Camera\Hik</Filter>
    </ClCompile>
    <ClCompile Include="Tools\Camera\Hik\M_FrameGrabber_MVS.cpp">
      <Filter>Source Files\Tools\Camera\Hik</Filter>
    </ClCompile>
    <ClCompile Include="Tools\Camera\Hik\MvCamera.cpp">
      <Filter>Source Files\Tools\Camera\Hik</Filter>
    </ClCompile>
    <ClCompile Include="Tools\Camera\Basler\FrameGrabber_BaslerCam.cpp">
      <Filter>Source Files\Tools\Camera\Basler</Filter>
    </ClCompile>
    <ClCompile Include="Tools\Camera\Basler\PylonStringHelpers.cpp">
      <Filter>Source Files\Tools\Camera\Basler</Filter>
    </ClCompile>
    <ClCompile Include="Tools\Camera\Basler\FrameGrabber_BaslerCam_New.cpp">
      <Filter>Source Files\Tools\Camera\Basler</Filter>
    </ClCompile>
    <ClCompile Include="Tools\Camera\UsbCam\DeviceEnumerator.cpp">
      <Filter>Source Files\Tools\Camera\UsbCam</Filter>
    </ClCompile>
    <ClCompile Include="Tools\Camera\UsbCam\FrameGrabber_UsbCam.cpp">
      <Filter>Source Files\Tools\Camera\UsbCam</Filter>
    </ClCompile>
    <ClCompile Include="Tools\Log\FolderScheduling.cpp">
      <Filter>Source Files\Tools\Log</Filter>
    </ClCompile>
    <ClCompile Include="Tools\Log\ListBoxLog.cpp">
      <Filter>Source Files\Tools\Log</Filter>
    </ClCompile>
    <ClCompile Include="Tools\UI\HWChecker.cpp">
      <Filter>Source Files\Tools\UI</Filter>
    </ClCompile>
  </ItemGroup>
</Project>